
Microsoft Visual Studio Solution File, Format Version 12.00
# Visual Studio Version 17
VisualStudioVersion = 17.0.31912.275
MinimumVisualStudioVersion = 10.0.40219.1
Project("{2150E333-8FDC-42A3-9474-1A3956D46DE8}") = "Test", "Test", "{F14E778A-CE90-470A-8431-DD202E3E0D1F}"
EndProject
Project("{2150E333-8FDC-42A3-9474-1A3956D46DE8}") = "Documents", "Documents", "{97C58970-155D-4B17-9D2D-B9C32CC48512}"
	ProjectSection(SolutionItems) = preProject
		Documents\01Home.md = Documents\01Home.md
		Documents\02Start.md = Documents\02Start.md
		Documents\03API.md = Documents\03API.md
		Documents\HistoryTree.md = Documents\HistoryTree.md
		Documents\Tasks.md = Documents\Tasks.md
		Documents\V0.0.1.md = Documents\V0.0.1.md
		Documents\开发进度.md = Documents\开发进度.md
	EndProjectSection
EndProject
Project("{2150E333-8FDC-42A3-9474-1A3956D46DE8}") = "Src", "Src", "{4BDA97FE-8F11-43E4-8A1B-178AF3B8CBD4}"
EndProject
Project("{9A19103F-16F7-4668-BE54-9A1E7A4F7556}") = "MoreNote.CommonTests", "Test\MoreNote.CommonTests\MoreNote.CommonTests.csproj", "{BA2CBABE-28D1-4069-9697-F3A6E532BE55}"
EndProject
Project("{9A19103F-16F7-4668-BE54-9A1E7A4F7556}") = "MoreNote.LogicTests", "Test\NickelProject.LogicTests\MoreNote.LogicTests.csproj", "{71AE9080-8B54-4E24-8340-3E9627752B82}"
EndProject
Project("{9A19103F-16F7-4668-BE54-9A1E7A4F7556}") = "MoreNote.Web.Tests", "Test\NickelProjectTests\MoreNote.Web.Tests.csproj", "{8091CEB0-1C49-4CA9-9BE1-27E8D18A73DC}"
EndProject
Project("{9A19103F-16F7-4668-BE54-9A1E7A4F7556}") = "SpamClassificationMLTest", "Test\SpamClassificationMLTest\SpamClassificationMLTest.csproj", "{B08CCA97-27F5-4432-B481-E8CAFE748155}"
EndProject
Project("{9A19103F-16F7-4668-BE54-9A1E7A4F7556}") = "UpyunTest", "Test\UpyunOSSTest\UpyunTest.csproj", "{FECFFD37-676E-42E2-9620-6E9F1A9A8B14}"
EndProject
Project("{2150E333-8FDC-42A3-9474-1A3956D46DE8}") = "03Framework", "03Framework", "{6E86040E-2C6B-4807-9B1C-728F9E75B4AE}"
EndProject
Project("{2150E333-8FDC-42A3-9474-1A3956D46DE8}") = "01Core", "01Core", "{BF5B7B0C-7102-4DCD-A881-D692F31CD386}"
EndProject
Project("{2150E333-8FDC-42A3-9474-1A3956D46DE8}") = "02Domain", "02Domain", "{BAD912ED-7D1B-4A0B-96EA-4695BA89C3FA}"
EndProject
Project("{2150E333-8FDC-42A3-9474-1A3956D46DE8}") = "04Presentation", "04Presentation", "{1D3744B4-9AB2-4C98-A8E8-A73AE0D80274}"
EndProject
Project("{2150E333-8FDC-42A3-9474-1A3956D46DE8}") = "05InternalService", "05InternalService", "{338653E2-EA1F-426E-8DB3-677F7C8A34C8}"
EndProject
Project("{2150E333-8FDC-42A3-9474-1A3956D46DE8}") = "06Global", "06Global", "{72982F18-EE03-43DF-A9E8-D28BE7454421}"
EndProject
Project("{2150E333-8FDC-42A3-9474-1A3956D46DE8}") = "07StorageVolume", "07StorageVolume", "{877A6817-97E2-48C8-9B4D-57EA2E5E8D08}"
EndProject
Project("{E53339B2-1760-4266-BCC7-CA923CBCF16C}") = "docker-compose", "docker-compose.dcproj", "{02A01A8E-17FC-41E1-B137-DD1A931134C5}"
EndProject
Project("{9A19103F-16F7-4668-BE54-9A1E7A4F7556}") = "MoreNote.SignatureServiceTests", "Test\MoreNote.SignatureServiceTests\MoreNote.SignatureServiceTests.csproj", "{6FB3F9E7-A004-4A3B-B0E8-4E779AEE67D6}"
EndProject
Project("{2150E333-8FDC-42A3-9474-1A3956D46DE8}") = "NewFolder1", "NewFolder1", "{D2F354BF-24E7-4FA9-9ECF-6B95594BB832}"
EndProject
Project("{2150E333-8FDC-42A3-9474-1A3956D46DE8}") = "Models", "Models", "{2229173D-75F3-428A-9170-5B6746B1840C}"
EndProject
Project("{2150E333-8FDC-42A3-9474-1A3956D46DE8}") = "Server", "Server", "{4DE9348C-A86C-46B0-AC04-484042C866B3}"
EndProject
Project("{2150E333-8FDC-42A3-9474-1A3956D46DE8}") = "Client", "Client", "{67B8FA88-7C42-4687-A9AC-3FCCA2442FB3}"
EndProject
Project("{9A19103F-16F7-4668-BE54-9A1E7A4F7556}") = "MoreNote.ClientCore", "Src\Client\MoreNote.ClientCore\MoreNote.ClientCore.csproj", "{E993827A-B282-46BB-BE85-7B20807517E4}"
EndProject
Project("{9A19103F-16F7-4668-BE54-9A1E7A4F7556}") = "MoreNote.ClientCoreTests", "Src\Client\MoreNote.ClientCoreTests\MoreNote.ClientCoreTests.csproj", "{59CCC4DE-70F7-43A3-89B0-E24F5B3CAEFC}"
EndProject
Project("{9A19103F-16F7-4668-BE54-9A1E7A4F7556}") = "Morenote.Framework", "Src\Server\03Framework\Morenote.Framework\Morenote.Framework.csproj", "{75A12312-8B1D-4237-B9CD-4E0EDDF477DD}"
EndProject
Project("{9A19103F-16F7-4668-BE54-9A1E7A4F7556}") = "MoreNote.StorageVolume", "Src\Server\MoreNote.StorageVolume\MoreNote.StorageVolume.csproj", "{EFE167C8-6BFA-47C8-BF0F-A64116217184}"
EndProject
Project("{9A19103F-16F7-4668-BE54-9A1E7A4F7556}") = "MoreNote.Models", "Src\Server\MoreNote.Models\MoreNote.Models.csproj", "{1EFA6BE7-B0E1-4AE3-B766-259F48ED70DB}"
EndProject
Project("{9A19103F-16F7-4668-BE54-9A1E7A4F7556}") = "MoreNote.Models.DTO", "Src\Server\MoreNote.Models.DTO\MoreNote.Models.DTO.csproj", "{E33AE8E0-744E-4983-B389-0176B993AE96}"
EndProject
Project("{9A19103F-16F7-4668-BE54-9A1E7A4F7556}") = "MoreNote.Models.Entiys", "Src\Server\MoreNote.Models.Entiys\MoreNote.Models.Entiys.csproj", "{B0C40C4B-BE50-49EF-84F7-0477BDB3084A}"
EndProject
Project("{9A19103F-16F7-4668-BE54-9A1E7A4F7556}") = "MoreNote.Models.Extensions", "Src\Server\MoreNote.Models.Extensions\MoreNote.Models.Extensions.csproj", "{2E7BB5E3-E200-40C7-B231-51AE5C3972C1}"
EndProject
Project("{9A19103F-16F7-4668-BE54-9A1E7A4F7556}") = "MoreNote.Common", "Src\Server\MoreNote.Common\MoreNote.Common.csproj", "{A0CE35BE-0FAD-4226-94DD-B7C375BC82D0}"
EndProject
Project("{9A19103F-16F7-4668-BE54-9A1E7A4F7556}") = "MoreNote.Config", "Src\Server\MoreNote.Config\MoreNote.Config.csproj", "{1687EF32-2BC5-4FCF-BF41-B79A6BB529F8}"
EndProject
Project("{9A19103F-16F7-4668-BE54-9A1E7A4F7556}") = "MoreNote.AutoFac", "Src\Server\MoreNote.AutoFac\MoreNote.AutoFac.csproj", "{9F1BCA2B-7734-447C-B079-B39E879D562C}"
EndProject
Project("{9A19103F-16F7-4668-BE54-9A1E7A4F7556}") = "MoreNote.Face", "Src\Server\MoreNote.Face\MoreNote.Face.csproj", "{74C73D00-388D-423F-A412-CC0047C0932A}"
EndProject
Project("{9A19103F-16F7-4668-BE54-9A1E7A4F7556}") = "MoreNote.CryptographyProvider", "Src\Server\MoreNote.CryptographyProvider\MoreNote.CryptographyProvider.csproj", "{D68D5C2F-8A98-49D6-A687-93D53B91D4E1}"
EndProject
Project("{9A19103F-16F7-4668-BE54-9A1E7A4F7556}") = "MoreNote.Language", "Src\Server\MoreNote.Language\MoreNote.Language.csproj", "{C5F7D556-C5D1-4F25-BF91-01D95ABC163D}"
EndProject
Project("{9A19103F-16F7-4668-BE54-9A1E7A4F7556}") = "MoreNote.Logic", "Src\Server\MoreNote.Logic\MoreNote.Logic.csproj", "{7AF50AB7-B9E2-4DE8-812B-23E3A93D1CA3}"
EndProject
Project("{9A19103F-16F7-4668-BE54-9A1E7A4F7556}") = "MoreNote.SignatureService", "Src\Server\MoreNote.SignatureService\MoreNote.SignatureService.csproj", "{5D683A79-EED1-4EDA-BAC0-B1F07AB67707}"
EndProject
Project("{9A19103F-16F7-4668-BE54-9A1E7A4F7556}") = "MoreNote", "Src\Server\MoreNote\MoreNote.csproj", "{92949816-CD30-4258-9EAE-35DD56121603}"
EndProject
Project("{FAE04EC0-301F-11D3-BF4B-00C04F79EFBC}") = "MoreNote.BlazorHybridApp", "..\MoreNote.BlazorHybridApp\MoreNote.BlazorHybridApp.csproj", "{A3C7676B-0436-460D-86A0-FD2BBC24DC02}"
EndProject
Global
	GlobalSection(SolutionConfigurationPlatforms) = preSolution
		Debug|Any CPU = Debug|Any CPU
		Debug|ARM64 = Debug|ARM64
		Debug|x64 = Debug|x64
		Debug|x86 = Debug|x86
		Release|Any CPU = Release|Any CPU
		Release|ARM64 = Release|ARM64
		Release|x64 = Release|x64
		Release|x86 = Release|x86
	EndGlobalSection
	GlobalSection(ProjectConfigurationPlatforms) = postSolution
		{BA2CBABE-28D1-4069-9697-F3A6E532BE55}.Debug|Any CPU.ActiveCfg = Debug|Any CPU
		{BA2CBABE-28D1-4069-9697-F3A6E532BE55}.Debug|Any CPU.Build.0 = Debug|Any CPU
		{BA2CBABE-28D1-4069-9697-F3A6E532BE55}.Debug|ARM64.ActiveCfg = Debug|ARM64
		{BA2CBABE-28D1-4069-9697-F3A6E532BE55}.Debug|ARM64.Build.0 = Debug|ARM64
		{BA2CBABE-28D1-4069-9697-F3A6E532BE55}.Debug|x64.ActiveCfg = Debug|x64
		{BA2CBABE-28D1-4069-9697-F3A6E532BE55}.Debug|x64.Build.0 = Debug|x64
		{BA2CBABE-28D1-4069-9697-F3A6E532BE55}.Debug|x86.ActiveCfg = Debug|x86
		{BA2CBABE-28D1-4069-9697-F3A6E532BE55}.Debug|x86.Build.0 = Debug|x86
		{BA2CBABE-28D1-4069-9697-F3A6E532BE55}.Release|Any CPU.ActiveCfg = Release|Any CPU
		{BA2CBABE-28D1-4069-9697-F3A6E532BE55}.Release|Any CPU.Build.0 = Release|Any CPU
		{BA2CBABE-28D1-4069-9697-F3A6E532BE55}.Release|ARM64.ActiveCfg = Release|ARM64
		{BA2CBABE-28D1-4069-9697-F3A6E532BE55}.Release|ARM64.Build.0 = Release|ARM64
		{BA2CBABE-28D1-4069-9697-F3A6E532BE55}.Release|x64.ActiveCfg = Release|Any CPU
		{BA2CBABE-28D1-4069-9697-F3A6E532BE55}.Release|x64.Build.0 = Release|Any CPU
		{BA2CBABE-28D1-4069-9697-F3A6E532BE55}.Release|x86.ActiveCfg = Release|Any CPU
		{BA2CBABE-28D1-4069-9697-F3A6E532BE55}.Release|x86.Build.0 = Release|Any CPU
		{71AE9080-8B54-4E24-8340-3E9627752B82}.Debug|Any CPU.ActiveCfg = Debug|Any CPU
		{71AE9080-8B54-4E24-8340-3E9627752B82}.Debug|Any CPU.Build.0 = Debug|Any CPU
		{71AE9080-8B54-4E24-8340-3E9627752B82}.Debug|ARM64.ActiveCfg = Debug|ARM64
		{71AE9080-8B54-4E24-8340-3E9627752B82}.Debug|ARM64.Build.0 = Debug|ARM64
		{71AE9080-8B54-4E24-8340-3E9627752B82}.Debug|x64.ActiveCfg = Debug|x64
		{71AE9080-8B54-4E24-8340-3E9627752B82}.Debug|x64.Build.0 = Debug|x64
		{71AE9080-8B54-4E24-8340-3E9627752B82}.Debug|x86.ActiveCfg = Debug|x86
		{71AE9080-8B54-4E24-8340-3E9627752B82}.Debug|x86.Build.0 = Debug|x86
		{71AE9080-8B54-4E24-8340-3E9627752B82}.Release|Any CPU.ActiveCfg = Release|Any CPU
		{71AE9080-8B54-4E24-8340-3E9627752B82}.Release|Any CPU.Build.0 = Release|Any CPU
		{71AE9080-8B54-4E24-8340-3E9627752B82}.Release|ARM64.ActiveCfg = Release|ARM64
		{71AE9080-8B54-4E24-8340-3E9627752B82}.Release|ARM64.Build.0 = Release|ARM64
		{71AE9080-8B54-4E24-8340-3E9627752B82}.Release|x64.ActiveCfg = Release|x64
		{71AE9080-8B54-4E24-8340-3E9627752B82}.Release|x64.Build.0 = Release|x64
		{71AE9080-8B54-4E24-8340-3E9627752B82}.Release|x86.ActiveCfg = Release|x86
		{71AE9080-8B54-4E24-8340-3E9627752B82}.Release|x86.Build.0 = Release|x86
		{8091CEB0-1C49-4CA9-9BE1-27E8D18A73DC}.Debug|Any CPU.ActiveCfg = Debug|Any CPU
		{8091CEB0-1C49-4CA9-9BE1-27E8D18A73DC}.Debug|Any CPU.Build.0 = Debug|Any CPU
		{8091CEB0-1C49-4CA9-9BE1-27E8D18A73DC}.Debug|ARM64.ActiveCfg = Debug|ARM64
		{8091CEB0-1C49-4CA9-9BE1-27E8D18A73DC}.Debug|ARM64.Build.0 = Debug|ARM64
		{8091CEB0-1C49-4CA9-9BE1-27E8D18A73DC}.Debug|x64.ActiveCfg = Debug|x64
		{8091CEB0-1C49-4CA9-9BE1-27E8D18A73DC}.Debug|x64.Build.0 = Debug|x64
		{8091CEB0-1C49-4CA9-9BE1-27E8D18A73DC}.Debug|x86.ActiveCfg = Debug|x86
		{8091CEB0-1C49-4CA9-9BE1-27E8D18A73DC}.Debug|x86.Build.0 = Debug|x86
		{8091CEB0-1C49-4CA9-9BE1-27E8D18A73DC}.Release|Any CPU.ActiveCfg = Release|Any CPU
		{8091CEB0-1C49-4CA9-9BE1-27E8D18A73DC}.Release|Any CPU.Build.0 = Release|Any CPU
		{8091CEB0-1C49-4CA9-9BE1-27E8D18A73DC}.Release|ARM64.ActiveCfg = Release|ARM64
		{8091CEB0-1C49-4CA9-9BE1-27E8D18A73DC}.Release|ARM64.Build.0 = Release|ARM64
		{8091CEB0-1C49-4CA9-9BE1-27E8D18A73DC}.Release|x64.ActiveCfg = Release|x64
		{8091CEB0-1C49-4CA9-9BE1-27E8D18A73DC}.Release|x64.Build.0 = Release|x64
		{8091CEB0-1C49-4CA9-9BE1-27E8D18A73DC}.Release|x86.ActiveCfg = Release|x86
		{8091CEB0-1C49-4CA9-9BE1-27E8D18A73DC}.Release|x86.Build.0 = Release|x86
		{B08CCA97-27F5-4432-B481-E8CAFE748155}.Debug|Any CPU.ActiveCfg = Debug|Any CPU
		{B08CCA97-27F5-4432-B481-E8CAFE748155}.Debug|Any CPU.Build.0 = Debug|Any CPU
		{B08CCA97-27F5-4432-B481-E8CAFE748155}.Debug|ARM64.ActiveCfg = Debug|ARM64
		{B08CCA97-27F5-4432-B481-E8CAFE748155}.Debug|ARM64.Build.0 = Debug|ARM64
		{B08CCA97-27F5-4432-B481-E8CAFE748155}.Debug|x64.ActiveCfg = Debug|x64
		{B08CCA97-27F5-4432-B481-E8CAFE748155}.Debug|x64.Build.0 = Debug|x64
		{B08CCA97-27F5-4432-B481-E8CAFE748155}.Debug|x86.ActiveCfg = Debug|x86
		{B08CCA97-27F5-4432-B481-E8CAFE748155}.Debug|x86.Build.0 = Debug|x86
		{B08CCA97-27F5-4432-B481-E8CAFE748155}.Release|Any CPU.ActiveCfg = Release|Any CPU
		{B08CCA97-27F5-4432-B481-E8CAFE748155}.Release|Any CPU.Build.0 = Release|Any CPU
		{B08CCA97-27F5-4432-B481-E8CAFE748155}.Release|ARM64.ActiveCfg = Release|ARM64
		{B08CCA97-27F5-4432-B481-E8CAFE748155}.Release|ARM64.Build.0 = Release|ARM64
		{B08CCA97-27F5-4432-B481-E8CAFE748155}.Release|x64.ActiveCfg = Release|Any CPU
		{B08CCA97-27F5-4432-B481-E8CAFE748155}.Release|x64.Build.0 = Release|Any CPU
		{B08CCA97-27F5-4432-B481-E8CAFE748155}.Release|x86.ActiveCfg = Release|Any CPU
		{B08CCA97-27F5-4432-B481-E8CAFE748155}.Release|x86.Build.0 = Release|Any CPU
		{FECFFD37-676E-42E2-9620-6E9F1A9A8B14}.Debug|Any CPU.ActiveCfg = Debug|Any CPU
		{FECFFD37-676E-42E2-9620-6E9F1A9A8B14}.Debug|Any CPU.Build.0 = Debug|Any CPU
		{FECFFD37-676E-42E2-9620-6E9F1A9A8B14}.Debug|ARM64.ActiveCfg = Debug|ARM64
		{FECFFD37-676E-42E2-9620-6E9F1A9A8B14}.Debug|ARM64.Build.0 = Debug|ARM64
		{FECFFD37-676E-42E2-9620-6E9F1A9A8B14}.Debug|x64.ActiveCfg = Debug|x64
		{FECFFD37-676E-42E2-9620-6E9F1A9A8B14}.Debug|x64.Build.0 = Debug|x64
		{FECFFD37-676E-42E2-9620-6E9F1A9A8B14}.Debug|x86.ActiveCfg = Debug|x86
		{FECFFD37-676E-42E2-9620-6E9F1A9A8B14}.Debug|x86.Build.0 = Debug|x86
		{FECFFD37-676E-42E2-9620-6E9F1A9A8B14}.Release|Any CPU.ActiveCfg = Release|Any CPU
		{FECFFD37-676E-42E2-9620-6E9F1A9A8B14}.Release|Any CPU.Build.0 = Release|Any CPU
		{FECFFD37-676E-42E2-9620-6E9F1A9A8B14}.Release|ARM64.ActiveCfg = Release|ARM64
		{FECFFD37-676E-42E2-9620-6E9F1A9A8B14}.Release|ARM64.Build.0 = Release|ARM64
		{FECFFD37-676E-42E2-9620-6E9F1A9A8B14}.Release|x64.ActiveCfg = Release|Any CPU
		{FECFFD37-676E-42E2-9620-6E9F1A9A8B14}.Release|x64.Build.0 = Release|Any CPU
		{FECFFD37-676E-42E2-9620-6E9F1A9A8B14}.Release|x86.ActiveCfg = Release|Any CPU
		{FECFFD37-676E-42E2-9620-6E9F1A9A8B14}.Release|x86.Build.0 = Release|Any CPU
		{02A01A8E-17FC-41E1-B137-DD1A931134C5}.Debug|Any CPU.ActiveCfg = Debug|x64
		{02A01A8E-17FC-41E1-B137-DD1A931134C5}.Debug|ARM64.ActiveCfg = Debug|x64
		{02A01A8E-17FC-41E1-B137-DD1A931134C5}.Debug|x64.ActiveCfg = Debug|x64
		{02A01A8E-17FC-41E1-B137-DD1A931134C5}.Debug|x86.ActiveCfg = Debug|x86
		{02A01A8E-17FC-41E1-B137-DD1A931134C5}.Release|Any CPU.ActiveCfg = Release|x64
		{02A01A8E-17FC-41E1-B137-DD1A931134C5}.Release|ARM64.ActiveCfg = Release|x64
		{02A01A8E-17FC-41E1-B137-DD1A931134C5}.Release|x64.ActiveCfg = Release|x64
		{02A01A8E-17FC-41E1-B137-DD1A931134C5}.Release|x86.ActiveCfg = Release|x86
		{6FB3F9E7-A004-4A3B-B0E8-4E779AEE67D6}.Debug|Any CPU.ActiveCfg = Debug|Any CPU
		{6FB3F9E7-A004-4A3B-B0E8-4E779AEE67D6}.Debug|Any CPU.Build.0 = Debug|Any CPU
		{6FB3F9E7-A004-4A3B-B0E8-4E779AEE67D6}.Debug|ARM64.ActiveCfg = Debug|Any CPU
		{6FB3F9E7-A004-4A3B-B0E8-4E779AEE67D6}.Debug|ARM64.Build.0 = Debug|Any CPU
		{6FB3F9E7-A004-4A3B-B0E8-4E779AEE67D6}.Debug|x64.ActiveCfg = Debug|x64
		{6FB3F9E7-A004-4A3B-B0E8-4E779AEE67D6}.Debug|x64.Build.0 = Debug|x64
		{6FB3F9E7-A004-4A3B-B0E8-4E779AEE67D6}.Debug|x86.ActiveCfg = Debug|Any CPU
		{6FB3F9E7-A004-4A3B-B0E8-4E779AEE67D6}.Debug|x86.Build.0 = Debug|Any CPU
		{6FB3F9E7-A004-4A3B-B0E8-4E779AEE67D6}.Release|Any CPU.ActiveCfg = Release|Any CPU
		{6FB3F9E7-A004-4A3B-B0E8-4E779AEE67D6}.Release|Any CPU.Build.0 = Release|Any CPU
		{6FB3F9E7-A004-4A3B-B0E8-4E779AEE67D6}.Release|ARM64.ActiveCfg = Release|Any CPU
		{6FB3F9E7-A004-4A3B-B0E8-4E779AEE67D6}.Release|ARM64.Build.0 = Release|Any CPU
		{6FB3F9E7-A004-4A3B-B0E8-4E779AEE67D6}.Release|x64.ActiveCfg = Release|Any CPU
		{6FB3F9E7-A004-4A3B-B0E8-4E779AEE67D6}.Release|x64.Build.0 = Release|Any CPU
		{6FB3F9E7-A004-4A3B-B0E8-4E779AEE67D6}.Release|x86.ActiveCfg = Release|Any CPU
		{6FB3F9E7-A004-4A3B-B0E8-4E779AEE67D6}.Release|x86.Build.0 = Release|Any CPU
		{E993827A-B282-46BB-BE85-7B20807517E4}.Debug|Any CPU.ActiveCfg = Debug|Any CPU
		{E993827A-B282-46BB-BE85-7B20807517E4}.Debug|Any CPU.Build.0 = Debug|Any CPU
		{E993827A-B282-46BB-BE85-7B20807517E4}.Debug|ARM64.ActiveCfg = Debug|Any CPU
		{E993827A-B282-46BB-BE85-7B20807517E4}.Debug|ARM64.Build.0 = Debug|Any CPU
		{E993827A-B282-46BB-BE85-7B20807517E4}.Debug|x64.ActiveCfg = Debug|x64
		{E993827A-B282-46BB-BE85-7B20807517E4}.Debug|x64.Build.0 = Debug|x64
		{E993827A-B282-46BB-BE85-7B20807517E4}.Debug|x86.ActiveCfg = Debug|Any CPU
		{E993827A-B282-46BB-BE85-7B20807517E4}.Debug|x86.Build.0 = Debug|Any CPU
		{E993827A-B282-46BB-BE85-7B20807517E4}.Release|Any CPU.ActiveCfg = Release|Any CPU
		{E993827A-B282-46BB-BE85-7B20807517E4}.Release|Any CPU.Build.0 = Release|Any CPU
		{E993827A-B282-46BB-BE85-7B20807517E4}.Release|ARM64.ActiveCfg = Release|Any CPU
		{E993827A-B282-46BB-BE85-7B20807517E4}.Release|ARM64.Build.0 = Release|Any CPU
		{E993827A-B282-46BB-BE85-7B20807517E4}.Release|x64.ActiveCfg = Release|x64
		{E993827A-B282-46BB-BE85-7B20807517E4}.Release|x64.Build.0 = Release|x64
		{E993827A-B282-46BB-BE85-7B20807517E4}.Release|x86.ActiveCfg = Release|Any CPU
		{E993827A-B282-46BB-BE85-7B20807517E4}.Release|x86.Build.0 = Release|Any CPU
		{59CCC4DE-70F7-43A3-89B0-E24F5B3CAEFC}.Debug|Any CPU.ActiveCfg = Debug|Any CPU
		{59CCC4DE-70F7-43A3-89B0-E24F5B3CAEFC}.Debug|Any CPU.Build.0 = Debug|Any CPU
		{59CCC4DE-70F7-43A3-89B0-E24F5B3CAEFC}.Debug|ARM64.ActiveCfg = Debug|Any CPU
		{59CCC4DE-70F7-43A3-89B0-E24F5B3CAEFC}.Debug|ARM64.Build.0 = Debug|Any CPU
		{59CCC4DE-70F7-43A3-89B0-E24F5B3CAEFC}.Debug|x64.ActiveCfg = Debug|Any CPU
		{59CCC4DE-70F7-43A3-89B0-E24F5B3CAEFC}.Debug|x64.Build.0 = Debug|Any CPU
		{59CCC4DE-70F7-43A3-89B0-E24F5B3CAEFC}.Debug|x86.ActiveCfg = Debug|Any CPU
		{59CCC4DE-70F7-43A3-89B0-E24F5B3CAEFC}.Debug|x86.Build.0 = Debug|Any CPU
		{59CCC4DE-70F7-43A3-89B0-E24F5B3CAEFC}.Release|Any CPU.ActiveCfg = Release|Any CPU
		{59CCC4DE-70F7-43A3-89B0-E24F5B3CAEFC}.Release|Any CPU.Build.0 = Release|Any CPU
		{59CCC4DE-70F7-43A3-89B0-E24F5B3CAEFC}.Release|ARM64.ActiveCfg = Release|Any CPU
		{59CCC4DE-70F7-43A3-89B0-E24F5B3CAEFC}.Release|ARM64.Build.0 = Release|Any CPU
		{59CCC4DE-70F7-43A3-89B0-E24F5B3CAEFC}.Release|x64.ActiveCfg = Release|Any CPU
		{59CCC4DE-70F7-43A3-89B0-E24F5B3CAEFC}.Release|x64.Build.0 = Release|Any CPU
		{59CCC4DE-70F7-43A3-89B0-E24F5B3CAEFC}.Release|x86.ActiveCfg = Release|Any CPU
		{59CCC4DE-70F7-43A3-89B0-E24F5B3CAEFC}.Release|x86.Build.0 = Release|Any CPU
		{75A12312-8B1D-4237-B9CD-4E0EDDF477DD}.Debug|Any CPU.ActiveCfg = Debug|Any CPU
		{75A12312-8B1D-4237-B9CD-4E0EDDF477DD}.Debug|Any CPU.Build.0 = Debug|Any CPU
		{75A12312-8B1D-4237-B9CD-4E0EDDF477DD}.Debug|ARM64.ActiveCfg = Debug|ARM64
		{75A12312-8B1D-4237-B9CD-4E0EDDF477DD}.Debug|ARM64.Build.0 = Debug|ARM64
		{75A12312-8B1D-4237-B9CD-4E0EDDF477DD}.Debug|x64.ActiveCfg = Debug|x64
		{75A12312-8B1D-4237-B9CD-4E0EDDF477DD}.Debug|x64.Build.0 = Debug|x64
		{75A12312-8B1D-4237-B9CD-4E0EDDF477DD}.Debug|x86.ActiveCfg = Debug|x86
		{75A12312-8B1D-4237-B9CD-4E0EDDF477DD}.Debug|x86.Build.0 = Debug|x86
		{75A12312-8B1D-4237-B9CD-4E0EDDF477DD}.Release|Any CPU.ActiveCfg = Release|Any CPU
		{75A12312-8B1D-4237-B9CD-4E0EDDF477DD}.Release|Any CPU.Build.0 = Release|Any CPU
		{75A12312-8B1D-4237-B9CD-4E0EDDF477DD}.Release|ARM64.ActiveCfg = Release|ARM64
		{75A12312-8B1D-4237-B9CD-4E0EDDF477DD}.Release|ARM64.Build.0 = Release|ARM64
		{75A12312-8B1D-4237-B9CD-4E0EDDF477DD}.Release|x64.ActiveCfg = Release|x64
		{75A12312-8B1D-4237-B9CD-4E0EDDF477DD}.Release|x64.Build.0 = Release|x64
		{75A12312-8B1D-4237-B9CD-4E0EDDF477DD}.Release|x86.ActiveCfg = Release|x86
		{75A12312-8B1D-4237-B9CD-4E0EDDF477DD}.Release|x86.Build.0 = Release|x86
		{EFE167C8-6BFA-47C8-BF0F-A64116217184}.Debug|Any CPU.ActiveCfg = Debug|Any CPU
		{EFE167C8-6BFA-47C8-BF0F-A64116217184}.Debug|Any CPU.Build.0 = Debug|Any CPU
		{EFE167C8-6BFA-47C8-BF0F-A64116217184}.Debug|ARM64.ActiveCfg = Debug|Any CPU
		{EFE167C8-6BFA-47C8-BF0F-A64116217184}.Debug|ARM64.Build.0 = Debug|Any CPU
		{EFE167C8-6BFA-47C8-BF0F-A64116217184}.Debug|x64.ActiveCfg = Debug|x64
		{EFE167C8-6BFA-47C8-BF0F-A64116217184}.Debug|x64.Build.0 = Debug|x64
		{EFE167C8-6BFA-47C8-BF0F-A64116217184}.Debug|x86.ActiveCfg = Debug|Any CPU
		{EFE167C8-6BFA-47C8-BF0F-A64116217184}.Debug|x86.Build.0 = Debug|Any CPU
		{EFE167C8-6BFA-47C8-BF0F-A64116217184}.Release|Any CPU.ActiveCfg = Release|Any CPU
		{EFE167C8-6BFA-47C8-BF0F-A64116217184}.Release|Any CPU.Build.0 = Release|Any CPU
		{EFE167C8-6BFA-47C8-BF0F-A64116217184}.Release|ARM64.ActiveCfg = Release|Any CPU
		{EFE167C8-6BFA-47C8-BF0F-A64116217184}.Release|ARM64.Build.0 = Release|Any CPU
		{EFE167C8-6BFA-47C8-BF0F-A64116217184}.Release|x64.ActiveCfg = Release|x64
		{EFE167C8-6BFA-47C8-BF0F-A64116217184}.Release|x64.Build.0 = Release|x64
		{EFE167C8-6BFA-47C8-BF0F-A64116217184}.Release|x86.ActiveCfg = Release|Any CPU
		{EFE167C8-6BFA-47C8-BF0F-A64116217184}.Release|x86.Build.0 = Release|Any CPU
		{1EFA6BE7-B0E1-4AE3-B766-259F48ED70DB}.Debug|Any CPU.ActiveCfg = Debug|Any CPU
		{1EFA6BE7-B0E1-4AE3-B766-259F48ED70DB}.Debug|Any CPU.Build.0 = Debug|Any CPU
		{1EFA6BE7-B0E1-4AE3-B766-259F48ED70DB}.Debug|ARM64.ActiveCfg = Debug|ARM64
		{1EFA6BE7-B0E1-4AE3-B766-259F48ED70DB}.Debug|ARM64.Build.0 = Debug|ARM64
		{1EFA6BE7-B0E1-4AE3-B766-259F48ED70DB}.Debug|x64.ActiveCfg = Debug|x64
		{1EFA6BE7-B0E1-4AE3-B766-259F48ED70DB}.Debug|x64.Build.0 = Debug|x64
		{1EFA6BE7-B0E1-4AE3-B766-259F48ED70DB}.Debug|x86.ActiveCfg = Debug|x86
		{1EFA6BE7-B0E1-4AE3-B766-259F48ED70DB}.Debug|x86.Build.0 = Debug|x86
		{1EFA6BE7-B0E1-4AE3-B766-259F48ED70DB}.Release|Any CPU.ActiveCfg = Release|Any CPU
		{1EFA6BE7-B0E1-4AE3-B766-259F48ED70DB}.Release|Any CPU.Build.0 = Release|Any CPU
		{1EFA6BE7-B0E1-4AE3-B766-259F48ED70DB}.Release|ARM64.ActiveCfg = Release|ARM64
		{1EFA6BE7-B0E1-4AE3-B766-259F48ED70DB}.Release|ARM64.Build.0 = Release|ARM64
		{1EFA6BE7-B0E1-4AE3-B766-259F48ED70DB}.Release|x64.ActiveCfg = Release|x64
		{1EFA6BE7-B0E1-4AE3-B766-259F48ED70DB}.Release|x64.Build.0 = Release|x64
		{1EFA6BE7-B0E1-4AE3-B766-259F48ED70DB}.Release|x86.ActiveCfg = Release|x86
		{1EFA6BE7-B0E1-4AE3-B766-259F48ED70DB}.Release|x86.Build.0 = Release|x86
		{E33AE8E0-744E-4983-B389-0176B993AE96}.Debug|Any CPU.ActiveCfg = Debug|Any CPU
		{E33AE8E0-744E-4983-B389-0176B993AE96}.Debug|Any CPU.Build.0 = Debug|Any CPU
		{E33AE8E0-744E-4983-B389-0176B993AE96}.Debug|ARM64.ActiveCfg = Debug|Any CPU
		{E33AE8E0-744E-4983-B389-0176B993AE96}.Debug|ARM64.Build.0 = Debug|Any CPU
		{E33AE8E0-744E-4983-B389-0176B993AE96}.Debug|x64.ActiveCfg = Debug|x64
		{E33AE8E0-744E-4983-B389-0176B993AE96}.Debug|x64.Build.0 = Debug|x64
		{E33AE8E0-744E-4983-B389-0176B993AE96}.Debug|x86.ActiveCfg = Debug|Any CPU
		{E33AE8E0-744E-4983-B389-0176B993AE96}.Debug|x86.Build.0 = Debug|Any CPU
		{E33AE8E0-744E-4983-B389-0176B993AE96}.Release|Any CPU.ActiveCfg = Release|Any CPU
		{E33AE8E0-744E-4983-B389-0176B993AE96}.Release|Any CPU.Build.0 = Release|Any CPU
		{E33AE8E0-744E-4983-B389-0176B993AE96}.Release|ARM64.ActiveCfg = Release|Any CPU
		{E33AE8E0-744E-4983-B389-0176B993AE96}.Release|ARM64.Build.0 = Release|Any CPU
		{E33AE8E0-744E-4983-B389-0176B993AE96}.Release|x64.ActiveCfg = Release|x64
		{E33AE8E0-744E-4983-B389-0176B993AE96}.Release|x64.Build.0 = Release|x64
		{E33AE8E0-744E-4983-B389-0176B993AE96}.Release|x86.ActiveCfg = Release|Any CPU
		{E33AE8E0-744E-4983-B389-0176B993AE96}.Release|x86.Build.0 = Release|Any CPU
		{B0C40C4B-BE50-49EF-84F7-0477BDB3084A}.Debug|Any CPU.ActiveCfg = Debug|Any CPU
		{B0C40C4B-BE50-49EF-84F7-0477BDB3084A}.Debug|Any CPU.Build.0 = Debug|Any CPU
		{B0C40C4B-BE50-49EF-84F7-0477BDB3084A}.Debug|ARM64.ActiveCfg = Debug|Any CPU
		{B0C40C4B-BE50-49EF-84F7-0477BDB3084A}.Debug|ARM64.Build.0 = Debug|Any CPU
		{B0C40C4B-BE50-49EF-84F7-0477BDB3084A}.Debug|x64.ActiveCfg = Debug|x64
		{B0C40C4B-BE50-49EF-84F7-0477BDB3084A}.Debug|x64.Build.0 = Debug|x64
		{B0C40C4B-BE50-49EF-84F7-0477BDB3084A}.Debug|x86.ActiveCfg = Debug|Any CPU
		{B0C40C4B-BE50-49EF-84F7-0477BDB3084A}.Debug|x86.Build.0 = Debug|Any CPU
		{B0C40C4B-BE50-49EF-84F7-0477BDB3084A}.Release|Any CPU.ActiveCfg = Release|Any CPU
		{B0C40C4B-BE50-49EF-84F7-0477BDB3084A}.Release|Any CPU.Build.0 = Release|Any CPU
		{B0C40C4B-BE50-49EF-84F7-0477BDB3084A}.Release|ARM64.ActiveCfg = Release|Any CPU
		{B0C40C4B-BE50-49EF-84F7-0477BDB3084A}.Release|ARM64.Build.0 = Release|Any CPU
		{B0C40C4B-BE50-49EF-84F7-0477BDB3084A}.Release|x64.ActiveCfg = Release|x64
		{B0C40C4B-BE50-49EF-84F7-0477BDB3084A}.Release|x64.Build.0 = Release|x64
		{B0C40C4B-BE50-49EF-84F7-0477BDB3084A}.Release|x86.ActiveCfg = Release|Any CPU
		{B0C40C4B-BE50-49EF-84F7-0477BDB3084A}.Release|x86.Build.0 = Release|Any CPU
		{2E7BB5E3-E200-40C7-B231-51AE5C3972C1}.Debug|Any CPU.ActiveCfg = Debug|Any CPU
		{2E7BB5E3-E200-40C7-B231-51AE5C3972C1}.Debug|Any CPU.Build.0 = Debug|Any CPU
		{2E7BB5E3-E200-40C7-B231-51AE5C3972C1}.Debug|ARM64.ActiveCfg = Debug|Any CPU
		{2E7BB5E3-E200-40C7-B231-51AE5C3972C1}.Debug|ARM64.Build.0 = Debug|Any CPU
		{2E7BB5E3-E200-40C7-B231-51AE5C3972C1}.Debug|x64.ActiveCfg = Debug|x64
		{2E7BB5E3-E200-40C7-B231-51AE5C3972C1}.Debug|x64.Build.0 = Debug|x64
		{2E7BB5E3-E200-40C7-B231-51AE5C3972C1}.Debug|x86.ActiveCfg = Debug|Any CPU
		{2E7BB5E3-E200-40C7-B231-51AE5C3972C1}.Debug|x86.Build.0 = Debug|Any CPU
		{2E7BB5E3-E200-40C7-B231-51AE5C3972C1}.Release|Any CPU.ActiveCfg = Release|Any CPU
		{2E7BB5E3-E200-40C7-B231-51AE5C3972C1}.Release|Any CPU.Build.0 = Release|Any CPU
		{2E7BB5E3-E200-40C7-B231-51AE5C3972C1}.Release|ARM64.ActiveCfg = Release|Any CPU
		{2E7BB5E3-E200-40C7-B231-51AE5C3972C1}.Release|ARM64.Build.0 = Release|Any CPU
		{2E7BB5E3-E200-40C7-B231-51AE5C3972C1}.Release|x64.ActiveCfg = Release|x64
		{2E7BB5E3-E200-40C7-B231-51AE5C3972C1}.Release|x64.Build.0 = Release|x64
		{2E7BB5E3-E200-40C7-B231-51AE5C3972C1}.Release|x86.ActiveCfg = Release|Any CPU
		{2E7BB5E3-E200-40C7-B231-51AE5C3972C1}.Release|x86.Build.0 = Release|Any CPU
		{A0CE35BE-0FAD-4226-94DD-B7C375BC82D0}.Debug|Any CPU.ActiveCfg = Debug|Any CPU
		{A0CE35BE-0FAD-4226-94DD-B7C375BC82D0}.Debug|Any CPU.Build.0 = Debug|Any CPU
		{A0CE35BE-0FAD-4226-94DD-B7C375BC82D0}.Debug|ARM64.ActiveCfg = Debug|ARM64
		{A0CE35BE-0FAD-4226-94DD-B7C375BC82D0}.Debug|ARM64.Build.0 = Debug|ARM64
		{A0CE35BE-0FAD-4226-94DD-B7C375BC82D0}.Debug|x64.ActiveCfg = Debug|x64
		{A0CE35BE-0FAD-4226-94DD-B7C375BC82D0}.Debug|x64.Build.0 = Debug|x64
		{A0CE35BE-0FAD-4226-94DD-B7C375BC82D0}.Debug|x86.ActiveCfg = Debug|x86
		{A0CE35BE-0FAD-4226-94DD-B7C375BC82D0}.Debug|x86.Build.0 = Debug|x86
		{A0CE35BE-0FAD-4226-94DD-B7C375BC82D0}.Release|Any CPU.ActiveCfg = Release|Any CPU
		{A0CE35BE-0FAD-4226-94DD-B7C375BC82D0}.Release|Any CPU.Build.0 = Release|Any CPU
		{A0CE35BE-0FAD-4226-94DD-B7C375BC82D0}.Release|ARM64.ActiveCfg = Release|ARM64
		{A0CE35BE-0FAD-4226-94DD-B7C375BC82D0}.Release|ARM64.Build.0 = Release|ARM64
		{A0CE35BE-0FAD-4226-94DD-B7C375BC82D0}.Release|x64.ActiveCfg = Release|x64
		{A0CE35BE-0FAD-4226-94DD-B7C375BC82D0}.Release|x64.Build.0 = Release|x64
		{A0CE35BE-0FAD-4226-94DD-B7C375BC82D0}.Release|x86.ActiveCfg = Release|x86
		{A0CE35BE-0FAD-4226-94DD-B7C375BC82D0}.Release|x86.Build.0 = Release|x86
		{1687EF32-2BC5-4FCF-BF41-B79A6BB529F8}.Debug|Any CPU.ActiveCfg = Debug|Any CPU
		{1687EF32-2BC5-4FCF-BF41-B79A6BB529F8}.Debug|Any CPU.Build.0 = Debug|Any CPU
		{1687EF32-2BC5-4FCF-BF41-B79A6BB529F8}.Debug|ARM64.ActiveCfg = Debug|Any CPU
		{1687EF32-2BC5-4FCF-BF41-B79A6BB529F8}.Debug|ARM64.Build.0 = Debug|Any CPU
		{1687EF32-2BC5-4FCF-BF41-B79A6BB529F8}.Debug|x64.ActiveCfg = Debug|x64
		{1687EF32-2BC5-4FCF-BF41-B79A6BB529F8}.Debug|x64.Build.0 = Debug|x64
		{1687EF32-2BC5-4FCF-BF41-B79A6BB529F8}.Debug|x86.ActiveCfg = Debug|Any CPU
		{1687EF32-2BC5-4FCF-BF41-B79A6BB529F8}.Debug|x86.Build.0 = Debug|Any CPU
		{1687EF32-2BC5-4FCF-BF41-B79A6BB529F8}.Release|Any CPU.ActiveCfg = Release|Any CPU
		{1687EF32-2BC5-4FCF-BF41-B79A6BB529F8}.Release|Any CPU.Build.0 = Release|Any CPU
		{1687EF32-2BC5-4FCF-BF41-B79A6BB529F8}.Release|ARM64.ActiveCfg = Release|Any CPU
		{1687EF32-2BC5-4FCF-BF41-B79A6BB529F8}.Release|ARM64.Build.0 = Release|Any CPU
		{1687EF32-2BC5-4FCF-BF41-B79A6BB529F8}.Release|x64.ActiveCfg = Release|x64
		{1687EF32-2BC5-4FCF-BF41-B79A6BB529F8}.Release|x64.Build.0 = Release|x64
		{1687EF32-2BC5-4FCF-BF41-B79A6BB529F8}.Release|x86.ActiveCfg = Release|Any CPU
		{1687EF32-2BC5-4FCF-BF41-B79A6BB529F8}.Release|x86.Build.0 = Release|Any CPU
		{9F1BCA2B-7734-447C-B079-B39E879D562C}.Debug|Any CPU.ActiveCfg = Debug|Any CPU
		{9F1BCA2B-7734-447C-B079-B39E879D562C}.Debug|Any CPU.Build.0 = Debug|Any CPU
		{9F1BCA2B-7734-447C-B079-B39E879D562C}.Debug|ARM64.ActiveCfg = Debug|Any CPU
		{9F1BCA2B-7734-447C-B079-B39E879D562C}.Debug|ARM64.Build.0 = Debug|Any CPU
		{9F1BCA2B-7734-447C-B079-B39E879D562C}.Debug|x64.ActiveCfg = Debug|x64
		{9F1BCA2B-7734-447C-B079-B39E879D562C}.Debug|x64.Build.0 = Debug|x64
		{9F1BCA2B-7734-447C-B079-B39E879D562C}.Debug|x86.ActiveCfg = Debug|x86
		{9F1BCA2B-7734-447C-B079-B39E879D562C}.Debug|x86.Build.0 = Debug|x86
		{9F1BCA2B-7734-447C-B079-B39E879D562C}.Release|Any CPU.ActiveCfg = Release|Any CPU
		{9F1BCA2B-7734-447C-B079-B39E879D562C}.Release|Any CPU.Build.0 = Release|Any CPU
		{9F1BCA2B-7734-447C-B079-B39E879D562C}.Release|ARM64.ActiveCfg = Release|Any CPU
		{9F1BCA2B-7734-447C-B079-B39E879D562C}.Release|ARM64.Build.0 = Release|Any CPU
		{9F1BCA2B-7734-447C-B079-B39E879D562C}.Release|x64.ActiveCfg = Release|x64
		{9F1BCA2B-7734-447C-B079-B39E879D562C}.Release|x64.Build.0 = Release|x64
		{9F1BCA2B-7734-447C-B079-B39E879D562C}.Release|x86.ActiveCfg = Release|x86
		{9F1BCA2B-7734-447C-B079-B39E879D562C}.Release|x86.Build.0 = Release|x86
		{74C73D00-388D-423F-A412-CC0047C0932A}.Debug|Any CPU.ActiveCfg = Debug|Any CPU
		{74C73D00-388D-423F-A412-CC0047C0932A}.Debug|Any CPU.Build.0 = Debug|Any CPU
		{74C73D00-388D-423F-A412-CC0047C0932A}.Debug|ARM64.ActiveCfg = Debug|Any CPU
		{74C73D00-388D-423F-A412-CC0047C0932A}.Debug|ARM64.Build.0 = Debug|Any CPU
		{74C73D00-388D-423F-A412-CC0047C0932A}.Debug|x64.ActiveCfg = Debug|x64
		{74C73D00-388D-423F-A412-CC0047C0932A}.Debug|x64.Build.0 = Debug|x64
		{74C73D00-388D-423F-A412-CC0047C0932A}.Debug|x86.ActiveCfg = Debug|x86
		{74C73D00-388D-423F-A412-CC0047C0932A}.Debug|x86.Build.0 = Debug|x86
		{74C73D00-388D-423F-A412-CC0047C0932A}.Release|Any CPU.ActiveCfg = Release|Any CPU
		{74C73D00-388D-423F-A412-CC0047C0932A}.Release|Any CPU.Build.0 = Release|Any CPU
		{74C73D00-388D-423F-A412-CC0047C0932A}.Release|ARM64.ActiveCfg = Release|Any CPU
		{74C73D00-388D-423F-A412-CC0047C0932A}.Release|ARM64.Build.0 = Release|Any CPU
		{74C73D00-388D-423F-A412-CC0047C0932A}.Release|x64.ActiveCfg = Release|x64
		{74C73D00-388D-423F-A412-CC0047C0932A}.Release|x64.Build.0 = Release|x64
		{74C73D00-388D-423F-A412-CC0047C0932A}.Release|x86.ActiveCfg = Release|x86
		{74C73D00-388D-423F-A412-CC0047C0932A}.Release|x86.Build.0 = Release|x86
		{D68D5C2F-8A98-49D6-A687-93D53B91D4E1}.Debug|Any CPU.ActiveCfg = Debug|Any CPU
		{D68D5C2F-8A98-49D6-A687-93D53B91D4E1}.Debug|Any CPU.Build.0 = Debug|Any CPU
		{D68D5C2F-8A98-49D6-A687-93D53B91D4E1}.Debug|ARM64.ActiveCfg = Debug|Any CPU
		{D68D5C2F-8A98-49D6-A687-93D53B91D4E1}.Debug|ARM64.Build.0 = Debug|Any CPU
		{D68D5C2F-8A98-49D6-A687-93D53B91D4E1}.Debug|x64.ActiveCfg = Debug|x64
		{D68D5C2F-8A98-49D6-A687-93D53B91D4E1}.Debug|x64.Build.0 = Debug|x64
		{D68D5C2F-8A98-49D6-A687-93D53B91D4E1}.Debug|x86.ActiveCfg = Debug|x86
		{D68D5C2F-8A98-49D6-A687-93D53B91D4E1}.Debug|x86.Build.0 = Debug|x86
		{D68D5C2F-8A98-49D6-A687-93D53B91D4E1}.Release|Any CPU.ActiveCfg = Release|Any CPU
		{D68D5C2F-8A98-49D6-A687-93D53B91D4E1}.Release|Any CPU.Build.0 = Release|Any CPU
		{D68D5C2F-8A98-49D6-A687-93D53B91D4E1}.Release|ARM64.ActiveCfg = Release|Any CPU
		{D68D5C2F-8A98-49D6-A687-93D53B91D4E1}.Release|ARM64.Build.0 = Release|Any CPU
		{D68D5C2F-8A98-49D6-A687-93D53B91D4E1}.Release|x64.ActiveCfg = Release|x64
		{D68D5C2F-8A98-49D6-A687-93D53B91D4E1}.Release|x64.Build.0 = Release|x64
		{D68D5C2F-8A98-49D6-A687-93D53B91D4E1}.Release|x86.ActiveCfg = Release|x86
		{D68D5C2F-8A98-49D6-A687-93D53B91D4E1}.Release|x86.Build.0 = Release|x86
		{C5F7D556-C5D1-4F25-BF91-01D95ABC163D}.Debug|Any CPU.ActiveCfg = Debug|Any CPU
		{C5F7D556-C5D1-4F25-BF91-01D95ABC163D}.Debug|Any CPU.Build.0 = Debug|Any CPU
		{C5F7D556-C5D1-4F25-BF91-01D95ABC163D}.Debug|ARM64.ActiveCfg = Debug|ARM64
		{C5F7D556-C5D1-4F25-BF91-01D95ABC163D}.Debug|ARM64.Build.0 = Debug|ARM64
		{C5F7D556-C5D1-4F25-BF91-01D95ABC163D}.Debug|x64.ActiveCfg = Debug|x64
		{C5F7D556-C5D1-4F25-BF91-01D95ABC163D}.Debug|x64.Build.0 = Debug|x64
		{C5F7D556-C5D1-4F25-BF91-01D95ABC163D}.Debug|x86.ActiveCfg = Debug|x86
		{C5F7D556-C5D1-4F25-BF91-01D95ABC163D}.Debug|x86.Build.0 = Debug|x86
		{C5F7D556-C5D1-4F25-BF91-01D95ABC163D}.Release|Any CPU.ActiveCfg = Release|Any CPU
		{C5F7D556-C5D1-4F25-BF91-01D95ABC163D}.Release|Any CPU.Build.0 = Release|Any CPU
		{C5F7D556-C5D1-4F25-BF91-01D95ABC163D}.Release|ARM64.ActiveCfg = Release|ARM64
		{C5F7D556-C5D1-4F25-BF91-01D95ABC163D}.Release|ARM64.Build.0 = Release|ARM64
		{C5F7D556-C5D1-4F25-BF91-01D95ABC163D}.Release|x64.ActiveCfg = Release|x64
		{C5F7D556-C5D1-4F25-BF91-01D95ABC163D}.Release|x64.Build.0 = Release|x64
		{C5F7D556-C5D1-4F25-BF91-01D95ABC163D}.Release|x86.ActiveCfg = Release|x86
		{C5F7D556-C5D1-4F25-BF91-01D95ABC163D}.Release|x86.Build.0 = Release|x86
		{7AF50AB7-B9E2-4DE8-812B-23E3A93D1CA3}.Debug|Any CPU.ActiveCfg = Debug|Any CPU
		{7AF50AB7-B9E2-4DE8-812B-23E3A93D1CA3}.Debug|Any CPU.Build.0 = Debug|Any CPU
		{7AF50AB7-B9E2-4DE8-812B-23E3A93D1CA3}.Debug|ARM64.ActiveCfg = Debug|ARM64
		{7AF50AB7-B9E2-4DE8-812B-23E3A93D1CA3}.Debug|ARM64.Build.0 = Debug|ARM64
		{7AF50AB7-B9E2-4DE8-812B-23E3A93D1CA3}.Debug|x64.ActiveCfg = Debug|x64
		{7AF50AB7-B9E2-4DE8-812B-23E3A93D1CA3}.Debug|x64.Build.0 = Debug|x64
		{7AF50AB7-B9E2-4DE8-812B-23E3A93D1CA3}.Debug|x86.ActiveCfg = Debug|x86
		{7AF50AB7-B9E2-4DE8-812B-23E3A93D1CA3}.Debug|x86.Build.0 = Debug|x86
		{7AF50AB7-B9E2-4DE8-812B-23E3A93D1CA3}.Release|Any CPU.ActiveCfg = Release|Any CPU
		{7AF50AB7-B9E2-4DE8-812B-23E3A93D1CA3}.Release|Any CPU.Build.0 = Release|Any CPU
		{7AF50AB7-B9E2-4DE8-812B-23E3A93D1CA3}.Release|ARM64.ActiveCfg = Release|ARM64
		{7AF50AB7-B9E2-4DE8-812B-23E3A93D1CA3}.Release|ARM64.Build.0 = Release|ARM64
		{7AF50AB7-B9E2-4DE8-812B-23E3A93D1CA3}.Release|x64.ActiveCfg = Release|x64
		{7AF50AB7-B9E2-4DE8-812B-23E3A93D1CA3}.Release|x64.Build.0 = Release|x64
		{7AF50AB7-B9E2-4DE8-812B-23E3A93D1CA3}.Release|x86.ActiveCfg = Release|x86
		{7AF50AB7-B9E2-4DE8-812B-23E3A93D1CA3}.Release|x86.Build.0 = Release|x86
		{5D683A79-EED1-4EDA-BAC0-B1F07AB67707}.Debug|Any CPU.ActiveCfg = Debug|Any CPU
		{5D683A79-EED1-4EDA-BAC0-B1F07AB67707}.Debug|Any CPU.Build.0 = Debug|Any CPU
		{5D683A79-EED1-4EDA-BAC0-B1F07AB67707}.Debug|ARM64.ActiveCfg = Debug|Any CPU
		{5D683A79-EED1-4EDA-BAC0-B1F07AB67707}.Debug|ARM64.Build.0 = Debug|Any CPU
		{5D683A79-EED1-4EDA-BAC0-B1F07AB67707}.Debug|x64.ActiveCfg = Debug|x64
		{5D683A79-EED1-4EDA-BAC0-B1F07AB67707}.Debug|x64.Build.0 = Debug|x64
		{5D683A79-EED1-4EDA-BAC0-B1F07AB67707}.Debug|x86.ActiveCfg = Debug|x86
		{5D683A79-EED1-4EDA-BAC0-B1F07AB67707}.Debug|x86.Build.0 = Debug|x86
		{5D683A79-EED1-4EDA-BAC0-B1F07AB67707}.Release|Any CPU.ActiveCfg = Release|Any CPU
		{5D683A79-EED1-4EDA-BAC0-B1F07AB67707}.Release|Any CPU.Build.0 = Release|Any CPU
		{5D683A79-EED1-4EDA-BAC0-B1F07AB67707}.Release|ARM64.ActiveCfg = Release|Any CPU
		{5D683A79-EED1-4EDA-BAC0-B1F07AB67707}.Release|ARM64.Build.0 = Release|Any CPU
		{5D683A79-EED1-4EDA-BAC0-B1F07AB67707}.Release|x64.ActiveCfg = Release|x64
		{5D683A79-EED1-4EDA-BAC0-B1F07AB67707}.Release|x64.Build.0 = Release|x64
		{5D683A79-EED1-4EDA-BAC0-B1F07AB67707}.Release|x86.ActiveCfg = Release|x86
		{5D683A79-EED1-4EDA-BAC0-B1F07AB67707}.Release|x86.Build.0 = Release|x86
		{92949816-CD30-4258-9EAE-35DD56121603}.Debug|Any CPU.ActiveCfg = Debug|Any CPU
		{92949816-CD30-4258-9EAE-35DD56121603}.Debug|Any CPU.Build.0 = Debug|Any CPU
		{92949816-CD30-4258-9EAE-35DD56121603}.Debug|ARM64.ActiveCfg = Debug|ARM64
		{92949816-CD30-4258-9EAE-35DD56121603}.Debug|ARM64.Build.0 = Debug|ARM64
		{92949816-CD30-4258-9EAE-35DD56121603}.Debug|x64.ActiveCfg = Debug|x64
		{92949816-CD30-4258-9EAE-35DD56121603}.Debug|x64.Build.0 = Debug|x64
		{92949816-CD30-4258-9EAE-35DD56121603}.Debug|x86.ActiveCfg = Debug|x86
		{92949816-CD30-4258-9EAE-35DD56121603}.Debug|x86.Build.0 = Debug|x86
		{92949816-CD30-4258-9EAE-35DD56121603}.Release|Any CPU.ActiveCfg = Release|Any CPU
		{92949816-CD30-4258-9EAE-35DD56121603}.Release|Any CPU.Build.0 = Release|Any CPU
		{92949816-CD30-4258-9EAE-35DD56121603}.Release|ARM64.ActiveCfg = Release|ARM64
		{92949816-CD30-4258-9EAE-35DD56121603}.Release|ARM64.Build.0 = Release|ARM64
		{92949816-CD30-4258-9EAE-35DD56121603}.Release|x64.ActiveCfg = Release|x64
		{92949816-CD30-4258-9EAE-35DD56121603}.Release|x64.Build.0 = Release|x64
		{92949816-CD30-4258-9EAE-35DD56121603}.Release|x86.ActiveCfg = Release|x86
		{92949816-CD30-4258-9EAE-35DD56121603}.Release|x86.Build.0 = Release|x86
		{A3C7676B-0436-460D-86A0-FD2BBC24DC02}.Debug|Any CPU.ActiveCfg = Debug|Any CPU
		{A3C7676B-0436-460D-86A0-FD2BBC24DC02}.Debug|Any CPU.Build.0 = Debug|Any CPU
		{A3C7676B-0436-460D-86A0-FD2BBC24DC02}.Debug|Any CPU.Deploy.0 = Debug|Any CPU
		{A3C7676B-0436-460D-86A0-FD2BBC24DC02}.Debug|ARM64.ActiveCfg = Debug|Any CPU
		{A3C7676B-0436-460D-86A0-FD2BBC24DC02}.Debug|ARM64.Build.0 = Debug|Any CPU
		{A3C7676B-0436-460D-86A0-FD2BBC24DC02}.Debug|ARM64.Deploy.0 = Debug|Any CPU
		{A3C7676B-0436-460D-86A0-FD2BBC24DC02}.Debug|x64.ActiveCfg = Debug|x64
		{A3C7676B-0436-460D-86A0-FD2BBC24DC02}.Debug|x64.Build.0 = Debug|x64
		{A3C7676B-0436-460D-86A0-FD2BBC24DC02}.Debug|x64.Deploy.0 = Debug|x64
		{A3C7676B-0436-460D-86A0-FD2BBC24DC02}.Debug|x86.ActiveCfg = Debug|Any CPU
		{A3C7676B-0436-460D-86A0-FD2BBC24DC02}.Debug|x86.Build.0 = Debug|Any CPU
		{A3C7676B-0436-460D-86A0-FD2BBC24DC02}.Debug|x86.Deploy.0 = Debug|Any CPU
		{A3C7676B-0436-460D-86A0-FD2BBC24DC02}.Release|Any CPU.ActiveCfg = Release|Any CPU
		{A3C7676B-0436-460D-86A0-FD2BBC24DC02}.Release|Any CPU.Build.0 = Release|Any CPU
		{A3C7676B-0436-460D-86A0-FD2BBC24DC02}.Release|Any CPU.Deploy.0 = Release|Any CPU
		{A3C7676B-0436-460D-86A0-FD2BBC24DC02}.Release|ARM64.ActiveCfg = Release|Any CPU
		{A3C7676B-0436-460D-86A0-FD2BBC24DC02}.Release|ARM64.Build.0 = Release|Any CPU
		{A3C7676B-0436-460D-86A0-FD2BBC24DC02}.Release|ARM64.Deploy.0 = Release|Any CPU
		{A3C7676B-0436-460D-86A0-FD2BBC24DC02}.Release|x64.ActiveCfg = Release|Any CPU
		{A3C7676B-0436-460D-86A0-FD2BBC24DC02}.Release|x64.Build.0 = Release|Any CPU
		{A3C7676B-0436-460D-86A0-FD2BBC24DC02}.Release|x64.Deploy.0 = Release|Any CPU
		{A3C7676B-0436-460D-86A0-FD2BBC24DC02}.Release|x86.ActiveCfg = Release|Any CPU
		{A3C7676B-0436-460D-86A0-FD2BBC24DC02}.Release|x86.Build.0 = Release|Any CPU
		{A3C7676B-0436-460D-86A0-FD2BBC24DC02}.Release|x86.Deploy.0 = Release|Any CPU
	EndGlobalSection
	GlobalSection(SolutionProperties) = preSolution
		HideSolutionNode = FALSE
	EndGlobalSection
	GlobalSection(NestedProjects) = preSolution
		{BA2CBABE-28D1-4069-9697-F3A6E532BE55} = {F14E778A-CE90-470A-8431-DD202E3E0D1F}
		{71AE9080-8B54-4E24-8340-3E9627752B82} = {F14E778A-CE90-470A-8431-DD202E3E0D1F}
		{8091CEB0-1C49-4CA9-9BE1-27E8D18A73DC} = {F14E778A-CE90-470A-8431-DD202E3E0D1F}
		{B08CCA97-27F5-4432-B481-E8CAFE748155} = {F14E778A-CE90-470A-8431-DD202E3E0D1F}
		{FECFFD37-676E-42E2-9620-6E9F1A9A8B14} = {F14E778A-CE90-470A-8431-DD202E3E0D1F}
		{6E86040E-2C6B-4807-9B1C-728F9E75B4AE} = {4DE9348C-A86C-46B0-AC04-484042C866B3}
		{BF5B7B0C-7102-4DCD-A881-D692F31CD386} = {4DE9348C-A86C-46B0-AC04-484042C866B3}
		{BAD912ED-7D1B-4A0B-96EA-4695BA89C3FA} = {4DE9348C-A86C-46B0-AC04-484042C866B3}
		{1D3744B4-9AB2-4C98-A8E8-A73AE0D80274} = {4DE9348C-A86C-46B0-AC04-484042C866B3}
		{338653E2-EA1F-426E-8DB3-677F7C8A34C8} = {4DE9348C-A86C-46B0-AC04-484042C866B3}
		{72982F18-EE03-43DF-A9E8-D28BE7454421} = {4DE9348C-A86C-46B0-AC04-484042C866B3}
		{877A6817-97E2-48C8-9B4D-57EA2E5E8D08} = {4DE9348C-A86C-46B0-AC04-484042C866B3}
		{6FB3F9E7-A004-4A3B-B0E8-4E779AEE67D6} = {F14E778A-CE90-470A-8431-DD202E3E0D1F}
		{D2F354BF-24E7-4FA9-9ECF-6B95594BB832} = {4DE9348C-A86C-46B0-AC04-484042C866B3}
		{2229173D-75F3-428A-9170-5B6746B1840C} = {4DE9348C-A86C-46B0-AC04-484042C866B3}
		{4DE9348C-A86C-46B0-AC04-484042C866B3} = {4BDA97FE-8F11-43E4-8A1B-178AF3B8CBD4}
		{67B8FA88-7C42-4687-A9AC-3FCCA2442FB3} = {4BDA97FE-8F11-43E4-8A1B-178AF3B8CBD4}
		{E993827A-B282-46BB-BE85-7B20807517E4} = {67B8FA88-7C42-4687-A9AC-3FCCA2442FB3}
		{59CCC4DE-70F7-43A3-89B0-E24F5B3CAEFC} = {67B8FA88-7C42-4687-A9AC-3FCCA2442FB3}
		{75A12312-8B1D-4237-B9CD-4E0EDDF477DD} = {6E86040E-2C6B-4807-9B1C-728F9E75B4AE}
		{EFE167C8-6BFA-47C8-BF0F-A64116217184} = {877A6817-97E2-48C8-9B4D-57EA2E5E8D08}
		{1EFA6BE7-B0E1-4AE3-B766-259F48ED70DB} = {2229173D-75F3-428A-9170-5B6746B1840C}
		{E33AE8E0-744E-4983-B389-0176B993AE96} = {2229173D-75F3-428A-9170-5B6746B1840C}
		{B0C40C4B-BE50-49EF-84F7-0477BDB3084A} = {2229173D-75F3-428A-9170-5B6746B1840C}
		{2E7BB5E3-E200-40C7-B231-51AE5C3972C1} = {2229173D-75F3-428A-9170-5B6746B1840C}
		{A0CE35BE-0FAD-4226-94DD-B7C375BC82D0} = {4DE9348C-A86C-46B0-AC04-484042C866B3}
		{1687EF32-2BC5-4FCF-BF41-B79A6BB529F8} = {4DE9348C-A86C-46B0-AC04-484042C866B3}
		{9F1BCA2B-7734-447C-B079-B39E879D562C} = {4DE9348C-A86C-46B0-AC04-484042C866B3}
		{74C73D00-388D-423F-A412-CC0047C0932A} = {4DE9348C-A86C-46B0-AC04-484042C866B3}
		{D68D5C2F-8A98-49D6-A687-93D53B91D4E1} = {4DE9348C-A86C-46B0-AC04-484042C866B3}
		{C5F7D556-C5D1-4F25-BF91-01D95ABC163D} = {4DE9348C-A86C-46B0-AC04-484042C866B3}
		{7AF50AB7-B9E2-4DE8-812B-23E3A93D1CA3} = {4DE9348C-A86C-46B0-AC04-484042C866B3}
		{5D683A79-EED1-4EDA-BAC0-B1F07AB67707} = {4DE9348C-A86C-46B0-AC04-484042C866B3}
		{92949816-CD30-4258-9EAE-35DD56121603} = {4DE9348C-A86C-46B0-AC04-484042C866B3}
		{A3C7676B-0436-460D-86A0-FD2BBC24DC02} = {67B8FA88-7C42-4687-A9AC-3FCCA2442FB3}
	EndGlobalSection
	GlobalSection(ExtensibilityGlobals) = postSolution
		RESX_PrefixTranslations = True
		SolutionGuid = {9F22C218-D996-467B-93A1-1BEEE77AFD54}
	EndGlobalSection
EndGlobal
