
Microsoft Visual Studio Solution File, Format Version 12.00
# Visual Studio Version 16
VisualStudioVersion = 16.0.29306.81
MinimumVisualStudioVersion = 10.0.40219.1
Project("{2150E333-8FDC-42A3-9474-1A3956D46DE8}") = "单元测试", "单元测试", "{F14E778A-CE90-470A-8431-DD202E3E0D1F}"
EndProject
Project("{2150E333-8FDC-42A3-9474-1A3956D46DE8}") = "文档", "文档", "{5A94B1C6-B100-4059-93DF-1CDD32E81B8B}"
	ProjectSection(SolutionItems) = preProject
		README.md = README.md
	EndProjectSection
EndProject
Project("{9A19103F-16F7-4668-BE54-9A1E7A4F7556}") = "MoreNote.Common", "MoreNote.Common\MoreNote.Common.csproj", "{D26E2844-9E97-4A03-983D-E72321E5FEC7}"
EndProject
Project("{9A19103F-16F7-4668-BE54-9A1E7A4F7556}") = "MoreNote.Logic", "MoreNote.Logic\MoreNote.Logic.csproj", "{D989E5E0-DB3B-4686-815E-3B3B4A6299E6}"
EndProject
Project("{9A19103F-16F7-4668-BE54-9A1E7A4F7556}") = "MoreNoteTests", "单元测试\NickelProjectTests\MoreNoteTests.csproj", "{786964BD-725E-4DDA-B48C-CE18034DF7E2}"
EndProject
Project("{9A19103F-16F7-4668-BE54-9A1E7A4F7556}") = "MoreNote.LogicTests", "单元测试\NickelProject.LogicTests\MoreNote.LogicTests.csproj", "{F56CF558-94F8-4193-986D-FA31A728A7AB}"
EndProject
Project("{9A19103F-16F7-4668-BE54-9A1E7A4F7556}") = "MoreNote", "MoreNote\MoreNote.csproj", "{7B551EA5-A3E6-4970-951E-94D778965022}"
EndProject
Project("{9A19103F-16F7-4668-BE54-9A1E7A4F7556}") = "MoreNoteTest", "MoreNoteTest\MoreNoteTest.csproj", "{0EAC5F49-004A-4799-93D0-87DAF9A64E33}"
EndProject
Project("{9A19103F-16F7-4668-BE54-9A1E7A4F7556}") = "通用类库测试", "单元测试\通用类库测试\通用类库测试.csproj", "{D8384D85-E84F-474F-985D-1BB27ACD46FC}"
EndProject
Project("{2150E333-8FDC-42A3-9474-1A3956D46DE8}") = "类库", "类库", "{72C84FD5-EA32-4874-A765-9679DB778836}"
EndProject
Project("{9A19103F-16F7-4668-BE54-9A1E7A4F7556}") = "SpamClassificationMLTest", "单元测试\SpamClassificationMLTest\SpamClassificationMLTest.csproj", "{A528D65A-FE35-4BA1-9279-BAF87FE756E7}"
EndProject
Global
	GlobalSection(SolutionConfigurationPlatforms) = preSolution
		Debug|Any CPU = Debug|Any CPU
		Debug|x64 = Debug|x64
		Debug|x86 = Debug|x86
		Release|Any CPU = Release|Any CPU
		Release|x64 = Release|x64
		Release|x86 = Release|x86
	EndGlobalSection
	GlobalSection(ProjectConfigurationPlatforms) = postSolution
		{D26E2844-9E97-4A03-983D-E72321E5FEC7}.Debug|Any CPU.ActiveCfg = Debug|Any CPU
		{D26E2844-9E97-4A03-983D-E72321E5FEC7}.Debug|Any CPU.Build.0 = Debug|Any CPU
		{D26E2844-9E97-4A03-983D-E72321E5FEC7}.Debug|x64.ActiveCfg = Debug|x64
		{D26E2844-9E97-4A03-983D-E72321E5FEC7}.Debug|x64.Build.0 = Debug|x64
		{D26E2844-9E97-4A03-983D-E72321E5FEC7}.Debug|x86.ActiveCfg = Debug|x86
		{D26E2844-9E97-4A03-983D-E72321E5FEC7}.Debug|x86.Build.0 = Debug|x86
		{D26E2844-9E97-4A03-983D-E72321E5FEC7}.Release|Any CPU.ActiveCfg = Release|Any CPU
		{D26E2844-9E97-4A03-983D-E72321E5FEC7}.Release|Any CPU.Build.0 = Release|Any CPU
		{D26E2844-9E97-4A03-983D-E72321E5FEC7}.Release|x64.ActiveCfg = Release|x64
		{D26E2844-9E97-4A03-983D-E72321E5FEC7}.Release|x64.Build.0 = Release|x64
		{D26E2844-9E97-4A03-983D-E72321E5FEC7}.Release|x86.ActiveCfg = Release|x86
		{D26E2844-9E97-4A03-983D-E72321E5FEC7}.Release|x86.Build.0 = Release|x86
		{D989E5E0-DB3B-4686-815E-3B3B4A6299E6}.Debug|Any CPU.ActiveCfg = Debug|Any CPU
		{D989E5E0-DB3B-4686-815E-3B3B4A6299E6}.Debug|Any CPU.Build.0 = Debug|Any CPU
		{D989E5E0-DB3B-4686-815E-3B3B4A6299E6}.Debug|x64.ActiveCfg = Debug|x64
		{D989E5E0-DB3B-4686-815E-3B3B4A6299E6}.Debug|x64.Build.0 = Debug|x64
		{D989E5E0-DB3B-4686-815E-3B3B4A6299E6}.Debug|x86.ActiveCfg = Debug|x86
		{D989E5E0-DB3B-4686-815E-3B3B4A6299E6}.Debug|x86.Build.0 = Debug|x86
		{D989E5E0-DB3B-4686-815E-3B3B4A6299E6}.Release|Any CPU.ActiveCfg = Release|Any CPU
		{D989E5E0-DB3B-4686-815E-3B3B4A6299E6}.Release|Any CPU.Build.0 = Release|Any CPU
		{D989E5E0-DB3B-4686-815E-3B3B4A6299E6}.Release|x64.ActiveCfg = Release|x64
		{D989E5E0-DB3B-4686-815E-3B3B4A6299E6}.Release|x64.Build.0 = Release|x64
		{D989E5E0-DB3B-4686-815E-3B3B4A6299E6}.Release|x86.ActiveCfg = Release|x86
		{D989E5E0-DB3B-4686-815E-3B3B4A6299E6}.Release|x86.Build.0 = Release|x86
		{786964BD-725E-4DDA-B48C-CE18034DF7E2}.Debug|Any CPU.ActiveCfg = Debug|Any CPU
		{786964BD-725E-4DDA-B48C-CE18034DF7E2}.Debug|Any CPU.Build.0 = Debug|Any CPU
		{786964BD-725E-4DDA-B48C-CE18034DF7E2}.Debug|x64.ActiveCfg = Debug|x64
		{786964BD-725E-4DDA-B48C-CE18034DF7E2}.Debug|x64.Build.0 = Debug|x64
		{786964BD-725E-4DDA-B48C-CE18034DF7E2}.Debug|x86.ActiveCfg = Debug|x86
		{786964BD-725E-4DDA-B48C-CE18034DF7E2}.Debug|x86.Build.0 = Debug|x86
		{786964BD-725E-4DDA-B48C-CE18034DF7E2}.Release|Any CPU.ActiveCfg = Release|Any CPU
		{786964BD-725E-4DDA-B48C-CE18034DF7E2}.Release|Any CPU.Build.0 = Release|Any CPU
		{786964BD-725E-4DDA-B48C-CE18034DF7E2}.Release|x64.ActiveCfg = Release|x64
		{786964BD-725E-4DDA-B48C-CE18034DF7E2}.Release|x64.Build.0 = Release|x64
		{786964BD-725E-4DDA-B48C-CE18034DF7E2}.Release|x86.ActiveCfg = Release|x86
		{786964BD-725E-4DDA-B48C-CE18034DF7E2}.Release|x86.Build.0 = Release|x86
		{F56CF558-94F8-4193-986D-FA31A728A7AB}.Debug|Any CPU.ActiveCfg = Debug|Any CPU
		{F56CF558-94F8-4193-986D-FA31A728A7AB}.Debug|Any CPU.Build.0 = Debug|Any CPU
		{F56CF558-94F8-4193-986D-FA31A728A7AB}.Debug|x64.ActiveCfg = Debug|x64
		{F56CF558-94F8-4193-986D-FA31A728A7AB}.Debug|x64.Build.0 = Debug|x64
		{F56CF558-94F8-4193-986D-FA31A728A7AB}.Debug|x86.ActiveCfg = Debug|x86
		{F56CF558-94F8-4193-986D-FA31A728A7AB}.Debug|x86.Build.0 = Debug|x86
		{F56CF558-94F8-4193-986D-FA31A728A7AB}.Release|Any CPU.ActiveCfg = Release|Any CPU
		{F56CF558-94F8-4193-986D-FA31A728A7AB}.Release|Any CPU.Build.0 = Release|Any CPU
		{F56CF558-94F8-4193-986D-FA31A728A7AB}.Release|x64.ActiveCfg = Release|x64
		{F56CF558-94F8-4193-986D-FA31A728A7AB}.Release|x64.Build.0 = Release|x64
		{F56CF558-94F8-4193-986D-FA31A728A7AB}.Release|x86.ActiveCfg = Release|x86
		{F56CF558-94F8-4193-986D-FA31A728A7AB}.Release|x86.Build.0 = Release|x86
		{7B551EA5-A3E6-4970-951E-94D778965022}.Debug|Any CPU.ActiveCfg = Debug|Any CPU
		{7B551EA5-A3E6-4970-951E-94D778965022}.Debug|Any CPU.Build.0 = Debug|Any CPU
		{7B551EA5-A3E6-4970-951E-94D778965022}.Debug|x64.ActiveCfg = Debug|x64
		{7B551EA5-A3E6-4970-951E-94D778965022}.Debug|x64.Build.0 = Debug|x64
		{7B551EA5-A3E6-4970-951E-94D778965022}.Debug|x86.ActiveCfg = Debug|x86
		{7B551EA5-A3E6-4970-951E-94D778965022}.Debug|x86.Build.0 = Debug|x86
		{7B551EA5-A3E6-4970-951E-94D778965022}.Release|Any CPU.ActiveCfg = Release|Any CPU
		{7B551EA5-A3E6-4970-951E-94D778965022}.Release|Any CPU.Build.0 = Release|Any CPU
		{7B551EA5-A3E6-4970-951E-94D778965022}.Release|x64.ActiveCfg = Release|x64
		{7B551EA5-A3E6-4970-951E-94D778965022}.Release|x64.Build.0 = Release|x64
		{7B551EA5-A3E6-4970-951E-94D778965022}.Release|x86.ActiveCfg = Release|x86
		{7B551EA5-A3E6-4970-951E-94D778965022}.Release|x86.Build.0 = Release|x86
		{0EAC5F49-004A-4799-93D0-87DAF9A64E33}.Debug|Any CPU.ActiveCfg = Debug|Any CPU
		{0EAC5F49-004A-4799-93D0-87DAF9A64E33}.Debug|Any CPU.Build.0 = Debug|Any CPU
		{0EAC5F49-004A-4799-93D0-87DAF9A64E33}.Debug|x64.ActiveCfg = Debug|Any CPU
		{0EAC5F49-004A-4799-93D0-87DAF9A64E33}.Debug|x64.Build.0 = Debug|Any CPU
		{0EAC5F49-004A-4799-93D0-87DAF9A64E33}.Debug|x86.ActiveCfg = Debug|Any CPU
		{0EAC5F49-004A-4799-93D0-87DAF9A64E33}.Debug|x86.Build.0 = Debug|Any CPU
		{0EAC5F49-004A-4799-93D0-87DAF9A64E33}.Release|Any CPU.ActiveCfg = Release|Any CPU
		{0EAC5F49-004A-4799-93D0-87DAF9A64E33}.Release|Any CPU.Build.0 = Release|Any CPU
		{0EAC5F49-004A-4799-93D0-87DAF9A64E33}.Release|x64.ActiveCfg = Release|Any CPU
		{0EAC5F49-004A-4799-93D0-87DAF9A64E33}.Release|x64.Build.0 = Release|Any CPU
		{0EAC5F49-004A-4799-93D0-87DAF9A64E33}.Release|x86.ActiveCfg = Release|Any CPU
		{0EAC5F49-004A-4799-93D0-87DAF9A64E33}.Release|x86.Build.0 = Release|Any CPU
		{D8384D85-E84F-474F-985D-1BB27ACD46FC}.Debug|Any CPU.ActiveCfg = Debug|Any CPU
		{D8384D85-E84F-474F-985D-1BB27ACD46FC}.Debug|Any CPU.Build.0 = Debug|Any CPU
		{D8384D85-E84F-474F-985D-1BB27ACD46FC}.Debug|x64.ActiveCfg = Debug|x64
		{D8384D85-E84F-474F-985D-1BB27ACD46FC}.Debug|x64.Build.0 = Debug|x64
		{D8384D85-E84F-474F-985D-1BB27ACD46FC}.Debug|x86.ActiveCfg = Debug|x86
		{D8384D85-E84F-474F-985D-1BB27ACD46FC}.Debug|x86.Build.0 = Debug|x86
		{D8384D85-E84F-474F-985D-1BB27ACD46FC}.Release|Any CPU.ActiveCfg = Release|Any CPU
		{D8384D85-E84F-474F-985D-1BB27ACD46FC}.Release|Any CPU.Build.0 = Release|Any CPU
		{D8384D85-E84F-474F-985D-1BB27ACD46FC}.Release|x64.ActiveCfg = Release|x64
		{D8384D85-E84F-474F-985D-1BB27ACD46FC}.Release|x64.Build.0 = Release|x64
		{D8384D85-E84F-474F-985D-1BB27ACD46FC}.Release|x86.ActiveCfg = Release|x86
		{D8384D85-E84F-474F-985D-1BB27ACD46FC}.Release|x86.Build.0 = Release|x86
		{A528D65A-FE35-4BA1-9279-BAF87FE756E7}.Debug|Any CPU.ActiveCfg = Debug|Any CPU
		{A528D65A-FE35-4BA1-9279-BAF87FE756E7}.Debug|Any CPU.Build.0 = Debug|Any CPU
		{A528D65A-FE35-4BA1-9279-BAF87FE756E7}.Debug|x64.ActiveCfg = Debug|Any CPU
		{A528D65A-FE35-4BA1-9279-BAF87FE756E7}.Debug|x64.Build.0 = Debug|Any CPU
		{A528D65A-FE35-4BA1-9279-BAF87FE756E7}.Debug|x86.ActiveCfg = Debug|Any CPU
		{A528D65A-FE35-4BA1-9279-BAF87FE756E7}.Debug|x86.Build.0 = Debug|Any CPU
		{A528D65A-FE35-4BA1-9279-BAF87FE756E7}.Release|Any CPU.ActiveCfg = Release|Any CPU
		{A528D65A-FE35-4BA1-9279-BAF87FE756E7}.Release|Any CPU.Build.0 = Release|Any CPU
		{A528D65A-FE35-4BA1-9279-BAF87FE756E7}.Release|x64.ActiveCfg = Release|Any CPU
		{A528D65A-FE35-4BA1-9279-BAF87FE756E7}.Release|x64.Build.0 = Release|Any CPU
		{A528D65A-FE35-4BA1-9279-BAF87FE756E7}.Release|x86.ActiveCfg = Release|Any CPU
		{A528D65A-FE35-4BA1-9279-BAF87FE756E7}.Release|x86.Build.0 = Release|Any CPU
	EndGlobalSection
	GlobalSection(SolutionProperties) = preSolution
		HideSolutionNode = FALSE
	EndGlobalSection
	GlobalSection(NestedProjects) = preSolution
		{786964BD-725E-4DDA-B48C-CE18034DF7E2} = {F14E778A-CE90-470A-8431-DD202E3E0D1F}
		{F56CF558-94F8-4193-986D-FA31A728A7AB} = {F14E778A-CE90-470A-8431-DD202E3E0D1F}
		{0EAC5F49-004A-4799-93D0-87DAF9A64E33} = {F14E778A-CE90-470A-8431-DD202E3E0D1F}
		{D8384D85-E84F-474F-985D-1BB27ACD46FC} = {F14E778A-CE90-470A-8431-DD202E3E0D1F}
		{A528D65A-FE35-4BA1-9279-BAF87FE756E7} = {F14E778A-CE90-470A-8431-DD202E3E0D1F}
	EndGlobalSection
	GlobalSection(ExtensibilityGlobals) = postSolution
		SolutionGuid = {9F22C218-D996-467B-93A1-1BEEE77AFD54}
	EndGlobalSection
EndGlobal
