
Microsoft Visual Studio Solution File, Format Version 12.00
# Visual Studio Version 17
VisualStudioVersion = 17.0.31912.275
MinimumVisualStudioVersion = 10.0.40219.1
Project("{2150E333-8FDC-42A3-9474-1A3956D46DE8}") = "Test", "Test", "{F14E778A-CE90-470A-8431-DD202E3E0D1F}"
EndProject
Project("{2150E333-8FDC-42A3-9474-1A3956D46DE8}") = "Documents", "Documents", "{97C58970-155D-4B17-9D2D-B9C32CC48512}"
	ProjectSection(SolutionItems) = preProject
		Documents\开发进度.md = Documents\开发进度.md
	EndProjectSection
EndProject
Project("{2150E333-8FDC-42A3-9474-1A3956D46DE8}") = "Src", "Src", "{4BDA97FE-8F11-43E4-8A1B-178AF3B8CBD4}"
EndProject
Project("{9A19103F-16F7-4668-BE54-9A1E7A4F7556}") = "MoreNote.Common", "Src\MoreNote.Common\MoreNote.Common.csproj", "{85393348-466B-4588-A3EE-59D1E5BFCC02}"
EndProject
Project("{9A19103F-16F7-4668-BE54-9A1E7A4F7556}") = "MoreNote.Logic", "Src\MoreNote.Logic\MoreNote.Logic.csproj", "{EB4D5543-FA96-4E08-B788-11B76237DA61}"
EndProject
Project("{9A19103F-16F7-4668-BE54-9A1E7A4F7556}") = "MoreNote.CommonTests", "Test\MoreNote.CommonTests\MoreNote.CommonTests.csproj", "{BA2CBABE-28D1-4069-9697-F3A6E532BE55}"
EndProject
Project("{9A19103F-16F7-4668-BE54-9A1E7A4F7556}") = "MoreNote.LogicTests", "Test\NickelProject.LogicTests\MoreNote.LogicTests.csproj", "{71AE9080-8B54-4E24-8340-3E9627752B82}"
EndProject
Project("{9A19103F-16F7-4668-BE54-9A1E7A4F7556}") = "MoreNote.Web.Tests", "Test\NickelProjectTests\MoreNote.Web.Tests.csproj", "{8091CEB0-1C49-4CA9-9BE1-27E8D18A73DC}"
EndProject
Project("{9A19103F-16F7-4668-BE54-9A1E7A4F7556}") = "SpamClassificationMLTest", "Test\SpamClassificationMLTest\SpamClassificationMLTest.csproj", "{B08CCA97-27F5-4432-B481-E8CAFE748155}"
EndProject
Project("{9A19103F-16F7-4668-BE54-9A1E7A4F7556}") = "UpyunTest", "Test\UpyunOSSTest\UpyunTest.csproj", "{FECFFD37-676E-42E2-9620-6E9F1A9A8B14}"
EndProject
Project("{9A19103F-16F7-4668-BE54-9A1E7A4F7556}") = "MoreNote.Language", "Src\MoreNote.Language\MoreNote.Language.csproj", "{AB9B7459-342C-4979-A9A4-63C990A5752D}"
EndProject
Project("{2150E333-8FDC-42A3-9474-1A3956D46DE8}") = "03Framework", "03Framework", "{6E86040E-2C6B-4807-9B1C-728F9E75B4AE}"
EndProject
Project("{2150E333-8FDC-42A3-9474-1A3956D46DE8}") = "01Core", "01Core", "{BF5B7B0C-7102-4DCD-A881-D692F31CD386}"
EndProject
Project("{2150E333-8FDC-42A3-9474-1A3956D46DE8}") = "02Domain", "02Domain", "{BAD912ED-7D1B-4A0B-96EA-4695BA89C3FA}"
EndProject
Project("{2150E333-8FDC-42A3-9474-1A3956D46DE8}") = "04Presentation", "04Presentation", "{1D3744B4-9AB2-4C98-A8E8-A73AE0D80274}"
EndProject
Project("{2150E333-8FDC-42A3-9474-1A3956D46DE8}") = "05InternalService", "05InternalService", "{338653E2-EA1F-426E-8DB3-677F7C8A34C8}"
EndProject
Project("{2150E333-8FDC-42A3-9474-1A3956D46DE8}") = "06Global", "06Global", "{72982F18-EE03-43DF-A9E8-D28BE7454421}"
EndProject
Project("{9A19103F-16F7-4668-BE54-9A1E7A4F7556}") = "Morenote.Framework", "Src\03Framework\Morenote.Framework\Morenote.Framework.csproj", "{110D6D02-76DC-43DA-9F64-9178109DE536}"
EndProject
Project("{9A19103F-16F7-4668-BE54-9A1E7A4F7556}") = "MoreNote", "Src\MoreNote\MoreNote.csproj", "{15FB73A1-A53C-4BD4-B220-B5023A5A265D}"
EndProject
Project("{E53339B2-1760-4266-BCC7-CA923CBCF16C}") = "docker-compose", "docker-compose.dcproj", "{8D2BB408-4E73-4593-A430-E24712608647}"
EndProject
Project("{9A19103F-16F7-4668-BE54-9A1E7A4F7556}") = "MoreNote.Models", "Src\MoreNote.Models\MoreNote.Models.csproj", "{A7BB015A-F4DA-4226-BBB5-8357022A0511}"
EndProject
Project("{9A19103F-16F7-4668-BE54-9A1E7A4F7556}") = "MoreNote.Face", "Src\MoreNote.Face\MoreNote.Face.csproj", "{28C8D0AA-DBA8-47F3-BACD-286765DAA4F2}"
EndProject
Project("{9A19103F-16F7-4668-BE54-9A1E7A4F7556}") = "MoreNote.SignatureService", "Src\MoreNote.SignatureService\MoreNote.SignatureService.csproj", "{2707DF5F-FCD2-493B-8569-040F6ECEFA49}"
EndProject
Project("{9A19103F-16F7-4668-BE54-9A1E7A4F7556}") = "MoreNote.CryptographyProvider", "Src\MoreNote.CryptographyProvider\MoreNote.CryptographyProvider.csproj", "{23D5A421-2476-4624-9765-A219280BD99B}"
EndProject
Project("{9A19103F-16F7-4668-BE54-9A1E7A4F7556}") = "MoreNote.AutoFac", "Src\MoreNote.AutoFac\MoreNote.AutoFac.csproj", "{D8D0EDA1-9367-4806-9D19-D2ED0BE38694}"
EndProject
Project("{FAE04EC0-301F-11D3-BF4B-00C04F79EFBC}") = "MoreNote.Config", "Src\MoreNote.Config\MoreNote.Config.csproj", "{CF66F156-56FE-4220-B68C-D676001E0A4E}"
EndProject
Global
	GlobalSection(SolutionConfigurationPlatforms) = preSolution
		Debug|Any CPU = Debug|Any CPU
		Debug|ARM64 = Debug|ARM64
		Debug|x64 = Debug|x64
		Debug|x86 = Debug|x86
		Release|Any CPU = Release|Any CPU
		Release|ARM64 = Release|ARM64
		Release|x64 = Release|x64
		Release|x86 = Release|x86
	EndGlobalSection
	GlobalSection(ProjectConfigurationPlatforms) = postSolution
		{85393348-466B-4588-A3EE-59D1E5BFCC02}.Debug|Any CPU.ActiveCfg = Debug|Any CPU
		{85393348-466B-4588-A3EE-59D1E5BFCC02}.Debug|Any CPU.Build.0 = Debug|Any CPU
		{85393348-466B-4588-A3EE-59D1E5BFCC02}.Debug|ARM64.ActiveCfg = Debug|ARM64
		{85393348-466B-4588-A3EE-59D1E5BFCC02}.Debug|ARM64.Build.0 = Debug|ARM64
		{85393348-466B-4588-A3EE-59D1E5BFCC02}.Debug|x64.ActiveCfg = Debug|x64
		{85393348-466B-4588-A3EE-59D1E5BFCC02}.Debug|x64.Build.0 = Debug|x64
		{85393348-466B-4588-A3EE-59D1E5BFCC02}.Debug|x86.ActiveCfg = Debug|x86
		{85393348-466B-4588-A3EE-59D1E5BFCC02}.Debug|x86.Build.0 = Debug|x86
		{85393348-466B-4588-A3EE-59D1E5BFCC02}.Release|Any CPU.ActiveCfg = Release|Any CPU
		{85393348-466B-4588-A3EE-59D1E5BFCC02}.Release|Any CPU.Build.0 = Release|Any CPU
		{85393348-466B-4588-A3EE-59D1E5BFCC02}.Release|ARM64.ActiveCfg = Release|ARM64
		{85393348-466B-4588-A3EE-59D1E5BFCC02}.Release|ARM64.Build.0 = Release|ARM64
		{85393348-466B-4588-A3EE-59D1E5BFCC02}.Release|x64.ActiveCfg = Release|Any CPU
		{85393348-466B-4588-A3EE-59D1E5BFCC02}.Release|x64.Build.0 = Release|Any CPU
		{85393348-466B-4588-A3EE-59D1E5BFCC02}.Release|x86.ActiveCfg = Release|Any CPU
		{85393348-466B-4588-A3EE-59D1E5BFCC02}.Release|x86.Build.0 = Release|Any CPU
		{EB4D5543-FA96-4E08-B788-11B76237DA61}.Debug|Any CPU.ActiveCfg = Debug|Any CPU
		{EB4D5543-FA96-4E08-B788-11B76237DA61}.Debug|Any CPU.Build.0 = Debug|Any CPU
		{EB4D5543-FA96-4E08-B788-11B76237DA61}.Debug|ARM64.ActiveCfg = Debug|ARM64
		{EB4D5543-FA96-4E08-B788-11B76237DA61}.Debug|ARM64.Build.0 = Debug|ARM64
		{EB4D5543-FA96-4E08-B788-11B76237DA61}.Debug|x64.ActiveCfg = Debug|x64
		{EB4D5543-FA96-4E08-B788-11B76237DA61}.Debug|x64.Build.0 = Debug|x64
		{EB4D5543-FA96-4E08-B788-11B76237DA61}.Debug|x86.ActiveCfg = Debug|x86
		{EB4D5543-FA96-4E08-B788-11B76237DA61}.Debug|x86.Build.0 = Debug|x86
		{EB4D5543-FA96-4E08-B788-11B76237DA61}.Release|Any CPU.ActiveCfg = Release|Any CPU
		{EB4D5543-FA96-4E08-B788-11B76237DA61}.Release|Any CPU.Build.0 = Release|Any CPU
		{EB4D5543-FA96-4E08-B788-11B76237DA61}.Release|ARM64.ActiveCfg = Release|ARM64
		{EB4D5543-FA96-4E08-B788-11B76237DA61}.Release|ARM64.Build.0 = Release|ARM64
		{EB4D5543-FA96-4E08-B788-11B76237DA61}.Release|x64.ActiveCfg = Release|Any CPU
		{EB4D5543-FA96-4E08-B788-11B76237DA61}.Release|x64.Build.0 = Release|Any CPU
		{EB4D5543-FA96-4E08-B788-11B76237DA61}.Release|x86.ActiveCfg = Release|Any CPU
		{EB4D5543-FA96-4E08-B788-11B76237DA61}.Release|x86.Build.0 = Release|Any CPU
		{BA2CBABE-28D1-4069-9697-F3A6E532BE55}.Debug|Any CPU.ActiveCfg = Debug|Any CPU
		{BA2CBABE-28D1-4069-9697-F3A6E532BE55}.Debug|Any CPU.Build.0 = Debug|Any CPU
		{BA2CBABE-28D1-4069-9697-F3A6E532BE55}.Debug|ARM64.ActiveCfg = Debug|ARM64
		{BA2CBABE-28D1-4069-9697-F3A6E532BE55}.Debug|ARM64.Build.0 = Debug|ARM64
		{BA2CBABE-28D1-4069-9697-F3A6E532BE55}.Debug|x64.ActiveCfg = Debug|x64
		{BA2CBABE-28D1-4069-9697-F3A6E532BE55}.Debug|x64.Build.0 = Debug|x64
		{BA2CBABE-28D1-4069-9697-F3A6E532BE55}.Debug|x86.ActiveCfg = Debug|x86
		{BA2CBABE-28D1-4069-9697-F3A6E532BE55}.Debug|x86.Build.0 = Debug|x86
		{BA2CBABE-28D1-4069-9697-F3A6E532BE55}.Release|Any CPU.ActiveCfg = Release|Any CPU
		{BA2CBABE-28D1-4069-9697-F3A6E532BE55}.Release|Any CPU.Build.0 = Release|Any CPU
		{BA2CBABE-28D1-4069-9697-F3A6E532BE55}.Release|ARM64.ActiveCfg = Release|ARM64
		{BA2CBABE-28D1-4069-9697-F3A6E532BE55}.Release|ARM64.Build.0 = Release|ARM64
		{BA2CBABE-28D1-4069-9697-F3A6E532BE55}.Release|x64.ActiveCfg = Release|Any CPU
		{BA2CBABE-28D1-4069-9697-F3A6E532BE55}.Release|x64.Build.0 = Release|Any CPU
		{BA2CBABE-28D1-4069-9697-F3A6E532BE55}.Release|x86.ActiveCfg = Release|Any CPU
		{BA2CBABE-28D1-4069-9697-F3A6E532BE55}.Release|x86.Build.0 = Release|Any CPU
		{71AE9080-8B54-4E24-8340-3E9627752B82}.Debug|Any CPU.ActiveCfg = Debug|Any CPU
		{71AE9080-8B54-4E24-8340-3E9627752B82}.Debug|Any CPU.Build.0 = Debug|Any CPU
		{71AE9080-8B54-4E24-8340-3E9627752B82}.Debug|ARM64.ActiveCfg = Debug|ARM64
		{71AE9080-8B54-4E24-8340-3E9627752B82}.Debug|ARM64.Build.0 = Debug|ARM64
		{71AE9080-8B54-4E24-8340-3E9627752B82}.Debug|x64.ActiveCfg = Debug|x64
		{71AE9080-8B54-4E24-8340-3E9627752B82}.Debug|x64.Build.0 = Debug|x64
		{71AE9080-8B54-4E24-8340-3E9627752B82}.Debug|x86.ActiveCfg = Debug|x86
		{71AE9080-8B54-4E24-8340-3E9627752B82}.Debug|x86.Build.0 = Debug|x86
		{71AE9080-8B54-4E24-8340-3E9627752B82}.Release|Any CPU.ActiveCfg = Release|Any CPU
		{71AE9080-8B54-4E24-8340-3E9627752B82}.Release|Any CPU.Build.0 = Release|Any CPU
		{71AE9080-8B54-4E24-8340-3E9627752B82}.Release|ARM64.ActiveCfg = Release|ARM64
		{71AE9080-8B54-4E24-8340-3E9627752B82}.Release|ARM64.Build.0 = Release|ARM64
		{71AE9080-8B54-4E24-8340-3E9627752B82}.Release|x64.ActiveCfg = Release|x64
		{71AE9080-8B54-4E24-8340-3E9627752B82}.Release|x64.Build.0 = Release|x64
		{71AE9080-8B54-4E24-8340-3E9627752B82}.Release|x86.ActiveCfg = Release|x86
		{71AE9080-8B54-4E24-8340-3E9627752B82}.Release|x86.Build.0 = Release|x86
		{8091CEB0-1C49-4CA9-9BE1-27E8D18A73DC}.Debug|Any CPU.ActiveCfg = Debug|Any CPU
		{8091CEB0-1C49-4CA9-9BE1-27E8D18A73DC}.Debug|Any CPU.Build.0 = Debug|Any CPU
		{8091CEB0-1C49-4CA9-9BE1-27E8D18A73DC}.Debug|ARM64.ActiveCfg = Debug|ARM64
		{8091CEB0-1C49-4CA9-9BE1-27E8D18A73DC}.Debug|ARM64.Build.0 = Debug|ARM64
		{8091CEB0-1C49-4CA9-9BE1-27E8D18A73DC}.Debug|x64.ActiveCfg = Debug|x64
		{8091CEB0-1C49-4CA9-9BE1-27E8D18A73DC}.Debug|x64.Build.0 = Debug|x64
		{8091CEB0-1C49-4CA9-9BE1-27E8D18A73DC}.Debug|x86.ActiveCfg = Debug|x86
		{8091CEB0-1C49-4CA9-9BE1-27E8D18A73DC}.Debug|x86.Build.0 = Debug|x86
		{8091CEB0-1C49-4CA9-9BE1-27E8D18A73DC}.Release|Any CPU.ActiveCfg = Release|Any CPU
		{8091CEB0-1C49-4CA9-9BE1-27E8D18A73DC}.Release|Any CPU.Build.0 = Release|Any CPU
		{8091CEB0-1C49-4CA9-9BE1-27E8D18A73DC}.Release|ARM64.ActiveCfg = Release|ARM64
		{8091CEB0-1C49-4CA9-9BE1-27E8D18A73DC}.Release|ARM64.Build.0 = Release|ARM64
		{8091CEB0-1C49-4CA9-9BE1-27E8D18A73DC}.Release|x64.ActiveCfg = Release|x64
		{8091CEB0-1C49-4CA9-9BE1-27E8D18A73DC}.Release|x64.Build.0 = Release|x64
		{8091CEB0-1C49-4CA9-9BE1-27E8D18A73DC}.Release|x86.ActiveCfg = Release|x86
		{8091CEB0-1C49-4CA9-9BE1-27E8D18A73DC}.Release|x86.Build.0 = Release|x86
		{B08CCA97-27F5-4432-B481-E8CAFE748155}.Debug|Any CPU.ActiveCfg = Debug|Any CPU
		{B08CCA97-27F5-4432-B481-E8CAFE748155}.Debug|Any CPU.Build.0 = Debug|Any CPU
		{B08CCA97-27F5-4432-B481-E8CAFE748155}.Debug|ARM64.ActiveCfg = Debug|ARM64
		{B08CCA97-27F5-4432-B481-E8CAFE748155}.Debug|ARM64.Build.0 = Debug|ARM64
		{B08CCA97-27F5-4432-B481-E8CAFE748155}.Debug|x64.ActiveCfg = Debug|x64
		{B08CCA97-27F5-4432-B481-E8CAFE748155}.Debug|x64.Build.0 = Debug|x64
		{B08CCA97-27F5-4432-B481-E8CAFE748155}.Debug|x86.ActiveCfg = Debug|x86
		{B08CCA97-27F5-4432-B481-E8CAFE748155}.Debug|x86.Build.0 = Debug|x86
		{B08CCA97-27F5-4432-B481-E8CAFE748155}.Release|Any CPU.ActiveCfg = Release|Any CPU
		{B08CCA97-27F5-4432-B481-E8CAFE748155}.Release|Any CPU.Build.0 = Release|Any CPU
		{B08CCA97-27F5-4432-B481-E8CAFE748155}.Release|ARM64.ActiveCfg = Release|ARM64
		{B08CCA97-27F5-4432-B481-E8CAFE748155}.Release|ARM64.Build.0 = Release|ARM64
		{B08CCA97-27F5-4432-B481-E8CAFE748155}.Release|x64.ActiveCfg = Release|Any CPU
		{B08CCA97-27F5-4432-B481-E8CAFE748155}.Release|x64.Build.0 = Release|Any CPU
		{B08CCA97-27F5-4432-B481-E8CAFE748155}.Release|x86.ActiveCfg = Release|Any CPU
		{B08CCA97-27F5-4432-B481-E8CAFE748155}.Release|x86.Build.0 = Release|Any CPU
		{FECFFD37-676E-42E2-9620-6E9F1A9A8B14}.Debug|Any CPU.ActiveCfg = Debug|Any CPU
		{FECFFD37-676E-42E2-9620-6E9F1A9A8B14}.Debug|Any CPU.Build.0 = Debug|Any CPU
		{FECFFD37-676E-42E2-9620-6E9F1A9A8B14}.Debug|ARM64.ActiveCfg = Debug|ARM64
		{FECFFD37-676E-42E2-9620-6E9F1A9A8B14}.Debug|ARM64.Build.0 = Debug|ARM64
		{FECFFD37-676E-42E2-9620-6E9F1A9A8B14}.Debug|x64.ActiveCfg = Debug|x64
		{FECFFD37-676E-42E2-9620-6E9F1A9A8B14}.Debug|x64.Build.0 = Debug|x64
		{FECFFD37-676E-42E2-9620-6E9F1A9A8B14}.Debug|x86.ActiveCfg = Debug|x86
		{FECFFD37-676E-42E2-9620-6E9F1A9A8B14}.Debug|x86.Build.0 = Debug|x86
		{FECFFD37-676E-42E2-9620-6E9F1A9A8B14}.Release|Any CPU.ActiveCfg = Release|Any CPU
		{FECFFD37-676E-42E2-9620-6E9F1A9A8B14}.Release|Any CPU.Build.0 = Release|Any CPU
		{FECFFD37-676E-42E2-9620-6E9F1A9A8B14}.Release|ARM64.ActiveCfg = Release|ARM64
		{FECFFD37-676E-42E2-9620-6E9F1A9A8B14}.Release|ARM64.Build.0 = Release|ARM64
		{FECFFD37-676E-42E2-9620-6E9F1A9A8B14}.Release|x64.ActiveCfg = Release|Any CPU
		{FECFFD37-676E-42E2-9620-6E9F1A9A8B14}.Release|x64.Build.0 = Release|Any CPU
		{FECFFD37-676E-42E2-9620-6E9F1A9A8B14}.Release|x86.ActiveCfg = Release|Any CPU
		{FECFFD37-676E-42E2-9620-6E9F1A9A8B14}.Release|x86.Build.0 = Release|Any CPU
		{AB9B7459-342C-4979-A9A4-63C990A5752D}.Debug|Any CPU.ActiveCfg = Debug|Any CPU
		{AB9B7459-342C-4979-A9A4-63C990A5752D}.Debug|Any CPU.Build.0 = Debug|Any CPU
		{AB9B7459-342C-4979-A9A4-63C990A5752D}.Debug|ARM64.ActiveCfg = Debug|ARM64
		{AB9B7459-342C-4979-A9A4-63C990A5752D}.Debug|ARM64.Build.0 = Debug|ARM64
		{AB9B7459-342C-4979-A9A4-63C990A5752D}.Debug|x64.ActiveCfg = Debug|x64
		{AB9B7459-342C-4979-A9A4-63C990A5752D}.Debug|x64.Build.0 = Debug|x64
		{AB9B7459-342C-4979-A9A4-63C990A5752D}.Debug|x86.ActiveCfg = Debug|x86
		{AB9B7459-342C-4979-A9A4-63C990A5752D}.Debug|x86.Build.0 = Debug|x86
		{AB9B7459-342C-4979-A9A4-63C990A5752D}.Release|Any CPU.ActiveCfg = Release|Any CPU
		{AB9B7459-342C-4979-A9A4-63C990A5752D}.Release|Any CPU.Build.0 = Release|Any CPU
		{AB9B7459-342C-4979-A9A4-63C990A5752D}.Release|ARM64.ActiveCfg = Release|ARM64
		{AB9B7459-342C-4979-A9A4-63C990A5752D}.Release|ARM64.Build.0 = Release|ARM64
		{AB9B7459-342C-4979-A9A4-63C990A5752D}.Release|x64.ActiveCfg = Release|Any CPU
		{AB9B7459-342C-4979-A9A4-63C990A5752D}.Release|x64.Build.0 = Release|Any CPU
		{AB9B7459-342C-4979-A9A4-63C990A5752D}.Release|x86.ActiveCfg = Release|Any CPU
		{AB9B7459-342C-4979-A9A4-63C990A5752D}.Release|x86.Build.0 = Release|Any CPU
		{110D6D02-76DC-43DA-9F64-9178109DE536}.Debug|Any CPU.ActiveCfg = Debug|Any CPU
		{110D6D02-76DC-43DA-9F64-9178109DE536}.Debug|Any CPU.Build.0 = Debug|Any CPU
		{110D6D02-76DC-43DA-9F64-9178109DE536}.Debug|ARM64.ActiveCfg = Debug|ARM64
		{110D6D02-76DC-43DA-9F64-9178109DE536}.Debug|ARM64.Build.0 = Debug|ARM64
		{110D6D02-76DC-43DA-9F64-9178109DE536}.Debug|x64.ActiveCfg = Debug|x64
		{110D6D02-76DC-43DA-9F64-9178109DE536}.Debug|x64.Build.0 = Debug|x64
		{110D6D02-76DC-43DA-9F64-9178109DE536}.Debug|x86.ActiveCfg = Debug|x86
		{110D6D02-76DC-43DA-9F64-9178109DE536}.Debug|x86.Build.0 = Debug|x86
		{110D6D02-76DC-43DA-9F64-9178109DE536}.Release|Any CPU.ActiveCfg = Release|Any CPU
		{110D6D02-76DC-43DA-9F64-9178109DE536}.Release|Any CPU.Build.0 = Release|Any CPU
		{110D6D02-76DC-43DA-9F64-9178109DE536}.Release|ARM64.ActiveCfg = Release|ARM64
		{110D6D02-76DC-43DA-9F64-9178109DE536}.Release|ARM64.Build.0 = Release|ARM64
		{110D6D02-76DC-43DA-9F64-9178109DE536}.Release|x64.ActiveCfg = Release|Any CPU
		{110D6D02-76DC-43DA-9F64-9178109DE536}.Release|x64.Build.0 = Release|Any CPU
		{110D6D02-76DC-43DA-9F64-9178109DE536}.Release|x86.ActiveCfg = Release|Any CPU
		{110D6D02-76DC-43DA-9F64-9178109DE536}.Release|x86.Build.0 = Release|Any CPU
		{15FB73A1-A53C-4BD4-B220-B5023A5A265D}.Debug|Any CPU.ActiveCfg = Debug|Any CPU
		{15FB73A1-A53C-4BD4-B220-B5023A5A265D}.Debug|Any CPU.Build.0 = Debug|Any CPU
		{15FB73A1-A53C-4BD4-B220-B5023A5A265D}.Debug|ARM64.ActiveCfg = Debug|ARM64
		{15FB73A1-A53C-4BD4-B220-B5023A5A265D}.Debug|ARM64.Build.0 = Debug|ARM64
		{15FB73A1-A53C-4BD4-B220-B5023A5A265D}.Debug|x64.ActiveCfg = Debug|x64
		{15FB73A1-A53C-4BD4-B220-B5023A5A265D}.Debug|x64.Build.0 = Debug|x64
		{15FB73A1-A53C-4BD4-B220-B5023A5A265D}.Debug|x86.ActiveCfg = Debug|x86
		{15FB73A1-A53C-4BD4-B220-B5023A5A265D}.Debug|x86.Build.0 = Debug|x86
		{15FB73A1-A53C-4BD4-B220-B5023A5A265D}.Release|Any CPU.ActiveCfg = Release|Any CPU
		{15FB73A1-A53C-4BD4-B220-B5023A5A265D}.Release|Any CPU.Build.0 = Release|Any CPU
		{15FB73A1-A53C-4BD4-B220-B5023A5A265D}.Release|ARM64.ActiveCfg = Release|ARM64
		{15FB73A1-A53C-4BD4-B220-B5023A5A265D}.Release|ARM64.Build.0 = Release|ARM64
		{15FB73A1-A53C-4BD4-B220-B5023A5A265D}.Release|x64.ActiveCfg = Release|Any CPU
		{15FB73A1-A53C-4BD4-B220-B5023A5A265D}.Release|x64.Build.0 = Release|Any CPU
		{15FB73A1-A53C-4BD4-B220-B5023A5A265D}.Release|x86.ActiveCfg = Release|Any CPU
		{15FB73A1-A53C-4BD4-B220-B5023A5A265D}.Release|x86.Build.0 = Release|Any CPU
		{8D2BB408-4E73-4593-A430-E24712608647}.Debug|Any CPU.ActiveCfg = Debug|x64
		{8D2BB408-4E73-4593-A430-E24712608647}.Debug|ARM64.ActiveCfg = Debug|x64
		{8D2BB408-4E73-4593-A430-E24712608647}.Debug|x64.ActiveCfg = Debug|x64
		{8D2BB408-4E73-4593-A430-E24712608647}.Debug|x64.Build.0 = Debug|x64
		{8D2BB408-4E73-4593-A430-E24712608647}.Debug|x86.ActiveCfg = Debug|x64
		{8D2BB408-4E73-4593-A430-E24712608647}.Debug|x86.Build.0 = Debug|x64
		{8D2BB408-4E73-4593-A430-E24712608647}.Release|Any CPU.ActiveCfg = Release|x64
		{8D2BB408-4E73-4593-A430-E24712608647}.Release|ARM64.ActiveCfg = Release|Any CPU
		{8D2BB408-4E73-4593-A430-E24712608647}.Release|ARM64.Build.0 = Release|Any CPU
		{8D2BB408-4E73-4593-A430-E24712608647}.Release|x64.ActiveCfg = Release|Any CPU
		{8D2BB408-4E73-4593-A430-E24712608647}.Release|x64.Build.0 = Release|Any CPU
		{8D2BB408-4E73-4593-A430-E24712608647}.Release|x86.ActiveCfg = Release|Any CPU
		{8D2BB408-4E73-4593-A430-E24712608647}.Release|x86.Build.0 = Release|Any CPU
		{A7BB015A-F4DA-4226-BBB5-8357022A0511}.Debug|Any CPU.ActiveCfg = Debug|Any CPU
		{A7BB015A-F4DA-4226-BBB5-8357022A0511}.Debug|Any CPU.Build.0 = Debug|Any CPU
		{A7BB015A-F4DA-4226-BBB5-8357022A0511}.Debug|ARM64.ActiveCfg = Debug|ARM64
		{A7BB015A-F4DA-4226-BBB5-8357022A0511}.Debug|ARM64.Build.0 = Debug|ARM64
		{A7BB015A-F4DA-4226-BBB5-8357022A0511}.Debug|x64.ActiveCfg = Debug|x64
		{A7BB015A-F4DA-4226-BBB5-8357022A0511}.Debug|x64.Build.0 = Debug|x64
		{A7BB015A-F4DA-4226-BBB5-8357022A0511}.Debug|x86.ActiveCfg = Debug|x86
		{A7BB015A-F4DA-4226-BBB5-8357022A0511}.Debug|x86.Build.0 = Debug|x86
		{A7BB015A-F4DA-4226-BBB5-8357022A0511}.Release|Any CPU.ActiveCfg = Release|Any CPU
		{A7BB015A-F4DA-4226-BBB5-8357022A0511}.Release|Any CPU.Build.0 = Release|Any CPU
		{A7BB015A-F4DA-4226-BBB5-8357022A0511}.Release|ARM64.ActiveCfg = Release|ARM64
		{A7BB015A-F4DA-4226-BBB5-8357022A0511}.Release|ARM64.Build.0 = Release|ARM64
		{A7BB015A-F4DA-4226-BBB5-8357022A0511}.Release|x64.ActiveCfg = Release|Any CPU
		{A7BB015A-F4DA-4226-BBB5-8357022A0511}.Release|x64.Build.0 = Release|Any CPU
		{A7BB015A-F4DA-4226-BBB5-8357022A0511}.Release|x86.ActiveCfg = Release|Any CPU
		{A7BB015A-F4DA-4226-BBB5-8357022A0511}.Release|x86.Build.0 = Release|Any CPU
		{28C8D0AA-DBA8-47F3-BACD-286765DAA4F2}.Debug|Any CPU.ActiveCfg = Debug|Any CPU
		{28C8D0AA-DBA8-47F3-BACD-286765DAA4F2}.Debug|Any CPU.Build.0 = Debug|Any CPU
		{28C8D0AA-DBA8-47F3-BACD-286765DAA4F2}.Debug|ARM64.ActiveCfg = Debug|Any CPU
		{28C8D0AA-DBA8-47F3-BACD-286765DAA4F2}.Debug|ARM64.Build.0 = Debug|Any CPU
		{28C8D0AA-DBA8-47F3-BACD-286765DAA4F2}.Debug|x64.ActiveCfg = Debug|x64
		{28C8D0AA-DBA8-47F3-BACD-286765DAA4F2}.Debug|x64.Build.0 = Debug|x64
		{28C8D0AA-DBA8-47F3-BACD-286765DAA4F2}.Debug|x86.ActiveCfg = Debug|x86
		{28C8D0AA-DBA8-47F3-BACD-286765DAA4F2}.Debug|x86.Build.0 = Debug|x86
		{28C8D0AA-DBA8-47F3-BACD-286765DAA4F2}.Release|Any CPU.ActiveCfg = Release|Any CPU
		{28C8D0AA-DBA8-47F3-BACD-286765DAA4F2}.Release|Any CPU.Build.0 = Release|Any CPU
		{28C8D0AA-DBA8-47F3-BACD-286765DAA4F2}.Release|ARM64.ActiveCfg = Release|Any CPU
		{28C8D0AA-DBA8-47F3-BACD-286765DAA4F2}.Release|ARM64.Build.0 = Release|Any CPU
		{28C8D0AA-DBA8-47F3-BACD-286765DAA4F2}.Release|x64.ActiveCfg = Release|Any CPU
		{28C8D0AA-DBA8-47F3-BACD-286765DAA4F2}.Release|x64.Build.0 = Release|Any CPU
		{28C8D0AA-DBA8-47F3-BACD-286765DAA4F2}.Release|x86.ActiveCfg = Release|Any CPU
		{28C8D0AA-DBA8-47F3-BACD-286765DAA4F2}.Release|x86.Build.0 = Release|Any CPU
		{2707DF5F-FCD2-493B-8569-040F6ECEFA49}.Debug|Any CPU.ActiveCfg = Debug|Any CPU
		{2707DF5F-FCD2-493B-8569-040F6ECEFA49}.Debug|Any CPU.Build.0 = Debug|Any CPU
		{2707DF5F-FCD2-493B-8569-040F6ECEFA49}.Debug|ARM64.ActiveCfg = Debug|Any CPU
		{2707DF5F-FCD2-493B-8569-040F6ECEFA49}.Debug|ARM64.Build.0 = Debug|Any CPU
		{2707DF5F-FCD2-493B-8569-040F6ECEFA49}.Debug|x64.ActiveCfg = Debug|x64
		{2707DF5F-FCD2-493B-8569-040F6ECEFA49}.Debug|x64.Build.0 = Debug|x64
		{2707DF5F-FCD2-493B-8569-040F6ECEFA49}.Debug|x86.ActiveCfg = Debug|x86
		{2707DF5F-FCD2-493B-8569-040F6ECEFA49}.Debug|x86.Build.0 = Debug|x86
		{2707DF5F-FCD2-493B-8569-040F6ECEFA49}.Release|Any CPU.ActiveCfg = Release|Any CPU
		{2707DF5F-FCD2-493B-8569-040F6ECEFA49}.Release|Any CPU.Build.0 = Release|Any CPU
		{2707DF5F-FCD2-493B-8569-040F6ECEFA49}.Release|ARM64.ActiveCfg = Release|Any CPU
		{2707DF5F-FCD2-493B-8569-040F6ECEFA49}.Release|ARM64.Build.0 = Release|Any CPU
		{2707DF5F-FCD2-493B-8569-040F6ECEFA49}.Release|x64.ActiveCfg = Release|Any CPU
		{2707DF5F-FCD2-493B-8569-040F6ECEFA49}.Release|x64.Build.0 = Release|Any CPU
		{2707DF5F-FCD2-493B-8569-040F6ECEFA49}.Release|x86.ActiveCfg = Release|Any CPU
		{2707DF5F-FCD2-493B-8569-040F6ECEFA49}.Release|x86.Build.0 = Release|Any CPU
		{23D5A421-2476-4624-9765-A219280BD99B}.Debug|Any CPU.ActiveCfg = Debug|Any CPU
		{23D5A421-2476-4624-9765-A219280BD99B}.Debug|Any CPU.Build.0 = Debug|Any CPU
		{23D5A421-2476-4624-9765-A219280BD99B}.Debug|ARM64.ActiveCfg = Debug|Any CPU
		{23D5A421-2476-4624-9765-A219280BD99B}.Debug|ARM64.Build.0 = Debug|Any CPU
		{23D5A421-2476-4624-9765-A219280BD99B}.Debug|x64.ActiveCfg = Debug|x64
		{23D5A421-2476-4624-9765-A219280BD99B}.Debug|x64.Build.0 = Debug|x64
		{23D5A421-2476-4624-9765-A219280BD99B}.Debug|x86.ActiveCfg = Debug|x86
		{23D5A421-2476-4624-9765-A219280BD99B}.Debug|x86.Build.0 = Debug|x86
		{23D5A421-2476-4624-9765-A219280BD99B}.Release|Any CPU.ActiveCfg = Release|Any CPU
		{23D5A421-2476-4624-9765-A219280BD99B}.Release|Any CPU.Build.0 = Release|Any CPU
		{23D5A421-2476-4624-9765-A219280BD99B}.Release|ARM64.ActiveCfg = Release|Any CPU
		{23D5A421-2476-4624-9765-A219280BD99B}.Release|ARM64.Build.0 = Release|Any CPU
		{23D5A421-2476-4624-9765-A219280BD99B}.Release|x64.ActiveCfg = Release|Any CPU
		{23D5A421-2476-4624-9765-A219280BD99B}.Release|x64.Build.0 = Release|Any CPU
		{23D5A421-2476-4624-9765-A219280BD99B}.Release|x86.ActiveCfg = Release|Any CPU
		{23D5A421-2476-4624-9765-A219280BD99B}.Release|x86.Build.0 = Release|Any CPU
		{D8D0EDA1-9367-4806-9D19-D2ED0BE38694}.Debug|Any CPU.ActiveCfg = Debug|Any CPU
		{D8D0EDA1-9367-4806-9D19-D2ED0BE38694}.Debug|Any CPU.Build.0 = Debug|Any CPU
		{D8D0EDA1-9367-4806-9D19-D2ED0BE38694}.Debug|ARM64.ActiveCfg = Debug|Any CPU
		{D8D0EDA1-9367-4806-9D19-D2ED0BE38694}.Debug|ARM64.Build.0 = Debug|Any CPU
		{D8D0EDA1-9367-4806-9D19-D2ED0BE38694}.Debug|x64.ActiveCfg = Debug|x64
		{D8D0EDA1-9367-4806-9D19-D2ED0BE38694}.Debug|x64.Build.0 = Debug|x64
		{D8D0EDA1-9367-4806-9D19-D2ED0BE38694}.Debug|x86.ActiveCfg = Debug|x86
		{D8D0EDA1-9367-4806-9D19-D2ED0BE38694}.Debug|x86.Build.0 = Debug|x86
		{D8D0EDA1-9367-4806-9D19-D2ED0BE38694}.Release|Any CPU.ActiveCfg = Release|Any CPU
		{D8D0EDA1-9367-4806-9D19-D2ED0BE38694}.Release|Any CPU.Build.0 = Release|Any CPU
		{D8D0EDA1-9367-4806-9D19-D2ED0BE38694}.Release|ARM64.ActiveCfg = Release|Any CPU
		{D8D0EDA1-9367-4806-9D19-D2ED0BE38694}.Release|ARM64.Build.0 = Release|Any CPU
		{D8D0EDA1-9367-4806-9D19-D2ED0BE38694}.Release|x64.ActiveCfg = Release|Any CPU
		{D8D0EDA1-9367-4806-9D19-D2ED0BE38694}.Release|x64.Build.0 = Release|Any CPU
		{D8D0EDA1-9367-4806-9D19-D2ED0BE38694}.Release|x86.ActiveCfg = Release|Any CPU
		{D8D0EDA1-9367-4806-9D19-D2ED0BE38694}.Release|x86.Build.0 = Release|Any CPU
		{CF66F156-56FE-4220-B68C-D676001E0A4E}.Debug|Any CPU.ActiveCfg = Debug|Any CPU
		{CF66F156-56FE-4220-B68C-D676001E0A4E}.Debug|Any CPU.Build.0 = Debug|Any CPU
		{CF66F156-56FE-4220-B68C-D676001E0A4E}.Debug|ARM64.ActiveCfg = Debug|Any CPU
		{CF66F156-56FE-4220-B68C-D676001E0A4E}.Debug|ARM64.Build.0 = Debug|Any CPU
		{CF66F156-56FE-4220-B68C-D676001E0A4E}.Debug|x64.ActiveCfg = Debug|Any CPU
		{CF66F156-56FE-4220-B68C-D676001E0A4E}.Debug|x64.Build.0 = Debug|Any CPU
		{CF66F156-56FE-4220-B68C-D676001E0A4E}.Debug|x86.ActiveCfg = Debug|Any CPU
		{CF66F156-56FE-4220-B68C-D676001E0A4E}.Debug|x86.Build.0 = Debug|Any CPU
		{CF66F156-56FE-4220-B68C-D676001E0A4E}.Release|Any CPU.ActiveCfg = Release|Any CPU
		{CF66F156-56FE-4220-B68C-D676001E0A4E}.Release|Any CPU.Build.0 = Release|Any CPU
		{CF66F156-56FE-4220-B68C-D676001E0A4E}.Release|ARM64.ActiveCfg = Release|Any CPU
		{CF66F156-56FE-4220-B68C-D676001E0A4E}.Release|ARM64.Build.0 = Release|Any CPU
		{CF66F156-56FE-4220-B68C-D676001E0A4E}.Release|x64.ActiveCfg = Release|Any CPU
		{CF66F156-56FE-4220-B68C-D676001E0A4E}.Release|x64.Build.0 = Release|Any CPU
		{CF66F156-56FE-4220-B68C-D676001E0A4E}.Release|x86.ActiveCfg = Release|Any CPU
		{CF66F156-56FE-4220-B68C-D676001E0A4E}.Release|x86.Build.0 = Release|Any CPU
	EndGlobalSection
	GlobalSection(SolutionProperties) = preSolution
		HideSolutionNode = FALSE
	EndGlobalSection
	GlobalSection(NestedProjects) = preSolution
		{85393348-466B-4588-A3EE-59D1E5BFCC02} = {4BDA97FE-8F11-43E4-8A1B-178AF3B8CBD4}
		{EB4D5543-FA96-4E08-B788-11B76237DA61} = {4BDA97FE-8F11-43E4-8A1B-178AF3B8CBD4}
		{BA2CBABE-28D1-4069-9697-F3A6E532BE55} = {F14E778A-CE90-470A-8431-DD202E3E0D1F}
		{71AE9080-8B54-4E24-8340-3E9627752B82} = {F14E778A-CE90-470A-8431-DD202E3E0D1F}
		{8091CEB0-1C49-4CA9-9BE1-27E8D18A73DC} = {F14E778A-CE90-470A-8431-DD202E3E0D1F}
		{B08CCA97-27F5-4432-B481-E8CAFE748155} = {F14E778A-CE90-470A-8431-DD202E3E0D1F}
		{FECFFD37-676E-42E2-9620-6E9F1A9A8B14} = {F14E778A-CE90-470A-8431-DD202E3E0D1F}
		{AB9B7459-342C-4979-A9A4-63C990A5752D} = {4BDA97FE-8F11-43E4-8A1B-178AF3B8CBD4}
		{6E86040E-2C6B-4807-9B1C-728F9E75B4AE} = {4BDA97FE-8F11-43E4-8A1B-178AF3B8CBD4}
		{BF5B7B0C-7102-4DCD-A881-D692F31CD386} = {4BDA97FE-8F11-43E4-8A1B-178AF3B8CBD4}
		{BAD912ED-7D1B-4A0B-96EA-4695BA89C3FA} = {4BDA97FE-8F11-43E4-8A1B-178AF3B8CBD4}
		{1D3744B4-9AB2-4C98-A8E8-A73AE0D80274} = {4BDA97FE-8F11-43E4-8A1B-178AF3B8CBD4}
		{338653E2-EA1F-426E-8DB3-677F7C8A34C8} = {4BDA97FE-8F11-43E4-8A1B-178AF3B8CBD4}
		{72982F18-EE03-43DF-A9E8-D28BE7454421} = {4BDA97FE-8F11-43E4-8A1B-178AF3B8CBD4}
		{110D6D02-76DC-43DA-9F64-9178109DE536} = {6E86040E-2C6B-4807-9B1C-728F9E75B4AE}
		{15FB73A1-A53C-4BD4-B220-B5023A5A265D} = {4BDA97FE-8F11-43E4-8A1B-178AF3B8CBD4}
		{A7BB015A-F4DA-4226-BBB5-8357022A0511} = {4BDA97FE-8F11-43E4-8A1B-178AF3B8CBD4}
		{28C8D0AA-DBA8-47F3-BACD-286765DAA4F2} = {4BDA97FE-8F11-43E4-8A1B-178AF3B8CBD4}
		{2707DF5F-FCD2-493B-8569-040F6ECEFA49} = {4BDA97FE-8F11-43E4-8A1B-178AF3B8CBD4}
		{23D5A421-2476-4624-9765-A219280BD99B} = {4BDA97FE-8F11-43E4-8A1B-178AF3B8CBD4}
		{D8D0EDA1-9367-4806-9D19-D2ED0BE38694} = {4BDA97FE-8F11-43E4-8A1B-178AF3B8CBD4}
		{CF66F156-56FE-4220-B68C-D676001E0A4E} = {4BDA97FE-8F11-43E4-8A1B-178AF3B8CBD4}
	EndGlobalSection
	GlobalSection(ExtensibilityGlobals) = postSolution
		RESX_PrefixTranslations = True
		SolutionGuid = {9F22C218-D996-467B-93A1-1BEEE77AFD54}
	EndGlobalSection
EndGlobal
