{
  "requires": true,
  "lockfileVersion": 1,
  "dependencies": {
    "diff-match-patch": {
      "version": "1.0.5",
      "resolved": "https://registry.npm.taobao.org/diff-match-patch/download/diff-match-patch-1.0.5.tgz",
      "integrity": "sha1-q7WE1fEM0Rlt/FWqA3AVkq4/ezc="
    },
    "vditor": {
      "version": "3.8.7",
      "resolved": "https://registry.nlark.com/vditor/download/vditor-3.8.7.tgz",
      "integrity": "sha1-7qhnZrCS2THKhJeg7zn4a4dk29U=",
      "requires": {
        "diff-match-patch": "^1.0.5"
      }
    }
  }
}
